// !$*UTF8*$!
{
	archiveVersion = 1;
	classes = {
	};
	objectVersion = 54;
	objects = {

/* Begin PBXAggregateTarget section */
		"StringsLint::StringsLintPackageTests::ProductTarget" /* StringsLintPackageTests */ = {
			isa = PBXAggregateTarget;
			buildConfigurationList = OBJ_276 /* Build configuration list for PBXAggregateTarget "StringsLintPackageTests" */;
			buildPhases = (
			);
			dependencies = (
				OBJ_279 /* PBXTargetDependency */,
			);
			name = StringsLintPackageTests;
			productName = StringsLintPackageTests;
		};
/* End PBXAggregateTarget section */

/* Begin PBXBuildFile section */
		8ACC8C1D268B51DF00EFF85D /* MissingCommentRuleConfiguration.swift in Sources */ = {isa = PBXBuildFile; fileRef = 8ACC8C1C268B51DF00EFF85D /* MissingCommentRuleConfiguration.swift */; };
		8ACC8C1F268B51F100EFF85D /* MissingCommentRule.swift in Sources */ = {isa = PBXBuildFile; fileRef = 8ACC8C1E268B51F100EFF85D /* MissingCommentRule.swift */; };
		8ACC8C21268B522A00EFF85D /* MissingCommentRuleConfiguratonTests.swift in Sources */ = {isa = PBXBuildFile; fileRef = 8ACC8C20268B522A00EFF85D /* MissingCommentRuleConfiguratonTests.swift */; };
		FA77E9E826DE118900D82C5C /* XcodeReporterTests.swift in Sources */ = {isa = PBXBuildFile; fileRef = FA77E9E726DE118900D82C5C /* XcodeReporterTests.swift */; };
		FA77E9EA26DE1C0600D82C5C /* MissingCommentRuleTests.swift in Sources */ = {isa = PBXBuildFile; fileRef = FA77E9E926DE1C0600D82C5C /* MissingCommentRuleTests.swift */; };
		FAA8243D224BDC620091A65C /* StringsdictParserTests.swift in Sources */ = {isa = PBXBuildFile; fileRef = FAA8243C224BDC620091A65C /* StringsdictParserTests.swift */; };
		FAA8243F224BDDD20091A65C /* StringsdictParser.swift in Sources */ = {isa = PBXBuildFile; fileRef = FAA8243E224BDDD20091A65C /* StringsdictParser.swift */; };
		FAC5F8972C9C70F40041AE49 /* RegexConfiguration.swift in Sources */ = {isa = PBXBuildFile; fileRef = FAC5F8962C9C70F40041AE49 /* RegexConfiguration.swift */; };
		FAE0FFD3251A07C400E20F84 /* String+Range.swift in Sources */ = {isa = PBXBuildFile; fileRef = FAE0FFC5251A032B00E20F84 /* String+Range.swift */; };
		FAF2E3482AB486B000B60C7E /* MissingRuleTests.swift in Sources */ = {isa = PBXBuildFile; fileRef = FAF2E3472AB486B000B60C7E /* MissingRuleTests.swift */; };
		FAF383AD21E7A3C100B24265 /* MissingRuleConfiguration.swift in Sources */ = {isa = PBXBuildFile; fileRef = FAF383AC21E7A3C100B24265 /* MissingRuleConfiguration.swift */; };
		FAF383AF21E7A3DB00B24265 /* PartialRuleConfiguration.swift in Sources */ = {isa = PBXBuildFile; fileRef = FAF383AE21E7A3DB00B24265 /* PartialRuleConfiguration.swift */; };
		FAF383B221E7A9E700B24265 /* UnusedRuleConfigurationTests.swift in Sources */ = {isa = PBXBuildFile; fileRef = FAF383B121E7A9E700B24265 /* UnusedRuleConfigurationTests.swift */; };
		FAF383B421E7AAD900B24265 /* MissingRuleConfigurationTests.swift in Sources */ = {isa = PBXBuildFile; fileRef = FAF383B321E7AAD900B24265 /* MissingRuleConfigurationTests.swift */; };
		FAF383B621E7AAFD00B24265 /* PartialRuleConfigurationTests.swift in Sources */ = {isa = PBXBuildFile; fileRef = FAF383B521E7AAFD00B24265 /* PartialRuleConfigurationTests.swift */; };
		OBJ_149 /* api.c in Sources */ = {isa = PBXBuildFile; fileRef = OBJ_107 /* api.c */; };
		OBJ_150 /* emitter.c in Sources */ = {isa = PBXBuildFile; fileRef = OBJ_108 /* emitter.c */; };
		OBJ_151 /* parser.c in Sources */ = {isa = PBXBuildFile; fileRef = OBJ_109 /* parser.c */; };
		OBJ_152 /* reader.c in Sources */ = {isa = PBXBuildFile; fileRef = OBJ_110 /* reader.c */; };
		OBJ_153 /* scanner.c in Sources */ = {isa = PBXBuildFile; fileRef = OBJ_111 /* scanner.c */; };
		OBJ_154 /* writer.c in Sources */ = {isa = PBXBuildFile; fileRef = OBJ_112 /* writer.c */; };
		OBJ_156 /* CYaml.h in Headers */ = {isa = PBXBuildFile; fileRef = OBJ_114 /* CYaml.h */; settings = {ATTRIBUTES = (Public, ); }; };
		OBJ_157 /* yaml.h in Headers */ = {isa = PBXBuildFile; fileRef = OBJ_115 /* yaml.h */; settings = {ATTRIBUTES = (Public, ); }; };
		OBJ_164 /* Argument.swift in Sources */ = {isa = PBXBuildFile; fileRef = OBJ_119 /* Argument.swift */; };
		OBJ_165 /* ArgumentParser.swift in Sources */ = {isa = PBXBuildFile; fileRef = OBJ_120 /* ArgumentParser.swift */; };
		OBJ_166 /* ArgumentProtocol.swift in Sources */ = {isa = PBXBuildFile; fileRef = OBJ_121 /* ArgumentProtocol.swift */; };
		OBJ_167 /* Command.swift in Sources */ = {isa = PBXBuildFile; fileRef = OBJ_122 /* Command.swift */; };
		OBJ_168 /* Errors.swift in Sources */ = {isa = PBXBuildFile; fileRef = OBJ_123 /* Errors.swift */; };
		OBJ_169 /* HelpCommand.swift in Sources */ = {isa = PBXBuildFile; fileRef = OBJ_124 /* HelpCommand.swift */; };
		OBJ_170 /* Option.swift in Sources */ = {isa = PBXBuildFile; fileRef = OBJ_125 /* Option.swift */; };
		OBJ_171 /* OrderedSet.swift in Sources */ = {isa = PBXBuildFile; fileRef = OBJ_126 /* OrderedSet.swift */; };
		OBJ_172 /* Switch.swift in Sources */ = {isa = PBXBuildFile; fileRef = OBJ_127 /* Switch.swift */; };
		OBJ_174 /* Result.framework in Frameworks */ = {isa = PBXBuildFile; fileRef = "Result::Result::Product" /* Result.framework */; };
		OBJ_182 /* Package.swift in Sources */ = {isa = PBXBuildFile; fileRef = OBJ_128 /* Package.swift */; };
		OBJ_187 /* AnyError.swift in Sources */ = {isa = PBXBuildFile; fileRef = OBJ_131 /* AnyError.swift */; };
		OBJ_188 /* NoError.swift in Sources */ = {isa = PBXBuildFile; fileRef = OBJ_132 /* NoError.swift */; };
		OBJ_189 /* Result.swift in Sources */ = {isa = PBXBuildFile; fileRef = OBJ_133 /* Result.swift */; };
		OBJ_190 /* ResultProtocol.swift in Sources */ = {isa = PBXBuildFile; fileRef = OBJ_134 /* ResultProtocol.swift */; };
		OBJ_197 /* Package.swift in Sources */ = {isa = PBXBuildFile; fileRef = OBJ_135 /* Package.swift */; };
		OBJ_203 /* Array+StringsLint.swift in Sources */ = {isa = PBXBuildFile; fileRef = OBJ_22 /* Array+StringsLint.swift */; };
		OBJ_204 /* Configuration+Parsing.swift in Sources */ = {isa = PBXBuildFile; fileRef = OBJ_23 /* Configuration+Parsing.swift */; };
		OBJ_205 /* LinuxCompatibility.swift in Sources */ = {isa = PBXBuildFile; fileRef = OBJ_24 /* LinuxCompatibility.swift */; };
		OBJ_206 /* QueuedPrint.swift in Sources */ = {isa = PBXBuildFile; fileRef = OBJ_25 /* QueuedPrint.swift */; };
		OBJ_207 /* String+StringsLint.swift in Sources */ = {isa = PBXBuildFile; fileRef = OBJ_26 /* String+StringsLint.swift */; };
		OBJ_208 /* Glob.swift in Sources */ = {isa = PBXBuildFile; fileRef = OBJ_28 /* Glob.swift */; };
		OBJ_209 /* Parsing.swift in Sources */ = {isa = PBXBuildFile; fileRef = OBJ_29 /* Parsing.swift */; };
		OBJ_210 /* Configuration.swift in Sources */ = {isa = PBXBuildFile; fileRef = OBJ_31 /* Configuration.swift */; };
		OBJ_211 /* ConfigurationError.swift in Sources */ = {isa = PBXBuildFile; fileRef = OBJ_32 /* ConfigurationError.swift */; };
		OBJ_212 /* File.swift in Sources */ = {isa = PBXBuildFile; fileRef = OBJ_33 /* File.swift */; };
		OBJ_213 /* Locale.swift in Sources */ = {isa = PBXBuildFile; fileRef = OBJ_34 /* Locale.swift */; };
		OBJ_214 /* LocalizedString.swift in Sources */ = {isa = PBXBuildFile; fileRef = OBJ_35 /* LocalizedString.swift */; };
		OBJ_215 /* Location.swift in Sources */ = {isa = PBXBuildFile; fileRef = OBJ_36 /* Location.swift */; };
		OBJ_216 /* MasterRuleList.swift in Sources */ = {isa = PBXBuildFile; fileRef = OBJ_37 /* MasterRuleList.swift */; };
		OBJ_217 /* RuleDescription.swift in Sources */ = {isa = PBXBuildFile; fileRef = OBJ_38 /* RuleDescription.swift */; };
		OBJ_218 /* RuleList.swift in Sources */ = {isa = PBXBuildFile; fileRef = OBJ_39 /* RuleList.swift */; };
		OBJ_219 /* Version.swift in Sources */ = {isa = PBXBuildFile; fileRef = OBJ_40 /* Version.swift */; };
		OBJ_220 /* Violation.swift in Sources */ = {isa = PBXBuildFile; fileRef = OBJ_41 /* Violation.swift */; };
		OBJ_221 /* ViolationSeverity.swift in Sources */ = {isa = PBXBuildFile; fileRef = OBJ_42 /* ViolationSeverity.swift */; };
		OBJ_222 /* ComposedParser.swift in Sources */ = {isa = PBXBuildFile; fileRef = OBJ_44 /* ComposedParser.swift */; };
		OBJ_223 /* ObjcParserConfiguration.swift in Sources */ = {isa = PBXBuildFile; fileRef = OBJ_46 /* ObjcParserConfiguration.swift */; };
		OBJ_224 /* SwiftParserConfiguration.swift in Sources */ = {isa = PBXBuildFile; fileRef = OBJ_47 /* SwiftParserConfiguration.swift */; };
		OBJ_225 /* XibParserConfiguration.swift in Sources */ = {isa = PBXBuildFile; fileRef = OBJ_48 /* XibParserConfiguration.swift */; };
		OBJ_226 /* LocalizableParser.swift in Sources */ = {isa = PBXBuildFile; fileRef = OBJ_49 /* LocalizableParser.swift */; };
		OBJ_227 /* ObjcParser.swift in Sources */ = {isa = PBXBuildFile; fileRef = OBJ_50 /* ObjcParser.swift */; };
		OBJ_228 /* StringsParser.swift in Sources */ = {isa = PBXBuildFile; fileRef = OBJ_51 /* StringsParser.swift */; };
		OBJ_229 /* SwiftParser.swift in Sources */ = {isa = PBXBuildFile; fileRef = OBJ_52 /* SwiftParser.swift */; };
		OBJ_230 /* XibParser.swift in Sources */ = {isa = PBXBuildFile; fileRef = OBJ_53 /* XibParser.swift */; };
		OBJ_231 /* YamlParser.swift in Sources */ = {isa = PBXBuildFile; fileRef = OBJ_54 /* YamlParser.swift */; };
		OBJ_232 /* Reporter.swift in Sources */ = {isa = PBXBuildFile; fileRef = OBJ_56 /* Reporter.swift */; };
		OBJ_233 /* XcodeReporter.swift in Sources */ = {isa = PBXBuildFile; fileRef = OBJ_57 /* XcodeReporter.swift */; };
		OBJ_234 /* RuleConfiguration.swift in Sources */ = {isa = PBXBuildFile; fileRef = OBJ_60 /* RuleConfiguration.swift */; };
		OBJ_235 /* UnusedRuleConfiguration.swift in Sources */ = {isa = PBXBuildFile; fileRef = OBJ_61 /* UnusedRuleConfiguration.swift */; };
		OBJ_236 /* MissingRule.swift in Sources */ = {isa = PBXBuildFile; fileRef = OBJ_63 /* MissingRule.swift */; };
		OBJ_237 /* PartialRule.swift in Sources */ = {isa = PBXBuildFile; fileRef = OBJ_64 /* PartialRule.swift */; };
		OBJ_238 /* UnusedRule.swift in Sources */ = {isa = PBXBuildFile; fileRef = OBJ_65 /* UnusedRule.swift */; };
		OBJ_239 /* LintRule.swift in Sources */ = {isa = PBXBuildFile; fileRef = OBJ_66 /* LintRule.swift */; };
		OBJ_241 /* Yams.framework in Frameworks */ = {isa = PBXBuildFile; fileRef = "Yams::Yams::Product" /* Yams.framework */; };
		OBJ_242 /* CYaml.framework in Frameworks */ = {isa = PBXBuildFile; fileRef = "Yams::CYaml::Product" /* CYaml.framework */; };
		OBJ_251 /* ConfigurationTestCase.swift in Sources */ = {isa = PBXBuildFile; fileRef = OBJ_70 /* ConfigurationTestCase.swift */; };
		OBJ_252 /* ConfigurationTests.swift in Sources */ = {isa = PBXBuildFile; fileRef = OBJ_71 /* ConfigurationTests.swift */; };
		OBJ_253 /* ObjcParserConfigurationTests.swift in Sources */ = {isa = PBXBuildFile; fileRef = OBJ_74 /* ObjcParserConfigurationTests.swift */; };
		OBJ_255 /* SwiftParserConfigurationTests.swift in Sources */ = {isa = PBXBuildFile; fileRef = OBJ_76 /* SwiftParserConfigurationTests.swift */; };
		OBJ_256 /* ObjcParserTests.swift in Sources */ = {isa = PBXBuildFile; fileRef = OBJ_77 /* ObjcParserTests.swift */; };
		OBJ_257 /* ParserTestCase.swift in Sources */ = {isa = PBXBuildFile; fileRef = OBJ_78 /* ParserTestCase.swift */; };
		OBJ_258 /* StringsParserTests.swift in Sources */ = {isa = PBXBuildFile; fileRef = OBJ_79 /* StringsParserTests.swift */; };
		OBJ_259 /* SwiftParserTests.swift in Sources */ = {isa = PBXBuildFile; fileRef = OBJ_80 /* SwiftParserTests.swift */; };
		OBJ_260 /* XibParserTests.swift in Sources */ = {isa = PBXBuildFile; fileRef = OBJ_81 /* XibParserTests.swift */; };
		OBJ_261 /* UnusedRuleTests.swift in Sources */ = {isa = PBXBuildFile; fileRef = OBJ_83 /* UnusedRuleTests.swift */; };
		OBJ_263 /* StringsLintFramework.framework in Frameworks */ = {isa = PBXBuildFile; fileRef = "StringsLint::StringsLintFramework::Product" /* StringsLintFramework.framework */; };
		OBJ_264 /* Yams.framework in Frameworks */ = {isa = PBXBuildFile; fileRef = "Yams::Yams::Product" /* Yams.framework */; };
		OBJ_265 /* CYaml.framework in Frameworks */ = {isa = PBXBuildFile; fileRef = "Yams::CYaml::Product" /* CYaml.framework */; };
		OBJ_274 /* Package.swift in Sources */ = {isa = PBXBuildFile; fileRef = OBJ_6 /* Package.swift */; };
		OBJ_284 /* Constructor.swift in Sources */ = {isa = PBXBuildFile; fileRef = OBJ_89 /* Constructor.swift */; };
		OBJ_285 /* Decoder.swift in Sources */ = {isa = PBXBuildFile; fileRef = OBJ_90 /* Decoder.swift */; };
		OBJ_286 /* Emitter.swift in Sources */ = {isa = PBXBuildFile; fileRef = OBJ_91 /* Emitter.swift */; };
		OBJ_287 /* Encoder.swift in Sources */ = {isa = PBXBuildFile; fileRef = OBJ_92 /* Encoder.swift */; };
		OBJ_288 /* Mark.swift in Sources */ = {isa = PBXBuildFile; fileRef = OBJ_93 /* Mark.swift */; };
		OBJ_289 /* Node.Mapping.swift in Sources */ = {isa = PBXBuildFile; fileRef = OBJ_94 /* Node.Mapping.swift */; };
		OBJ_290 /* Node.Scalar.swift in Sources */ = {isa = PBXBuildFile; fileRef = OBJ_95 /* Node.Scalar.swift */; };
		OBJ_291 /* Node.Sequence.swift in Sources */ = {isa = PBXBuildFile; fileRef = OBJ_96 /* Node.Sequence.swift */; };
		OBJ_292 /* Node.swift in Sources */ = {isa = PBXBuildFile; fileRef = OBJ_97 /* Node.swift */; };
		OBJ_293 /* Parser.swift in Sources */ = {isa = PBXBuildFile; fileRef = OBJ_98 /* Parser.swift */; };
		OBJ_294 /* Representer.swift in Sources */ = {isa = PBXBuildFile; fileRef = OBJ_99 /* Representer.swift */; };
		OBJ_295 /* Resolver.swift in Sources */ = {isa = PBXBuildFile; fileRef = OBJ_100 /* Resolver.swift */; };
		OBJ_296 /* String+Yams.swift in Sources */ = {isa = PBXBuildFile; fileRef = OBJ_101 /* String+Yams.swift */; };
		OBJ_297 /* Tag.swift in Sources */ = {isa = PBXBuildFile; fileRef = OBJ_102 /* Tag.swift */; };
		OBJ_298 /* YamlError.swift in Sources */ = {isa = PBXBuildFile; fileRef = OBJ_103 /* YamlError.swift */; };
		OBJ_299 /* shim.swift in Sources */ = {isa = PBXBuildFile; fileRef = OBJ_104 /* shim.swift */; };
		OBJ_301 /* CYaml.framework in Frameworks */ = {isa = PBXBuildFile; fileRef = "Yams::CYaml::Product" /* CYaml.framework */; };
		OBJ_308 /* Package.swift in Sources */ = {isa = PBXBuildFile; fileRef = OBJ_116 /* Package.swift */; };
		OBJ_314 /* LintCommand.swift in Sources */ = {isa = PBXBuildFile; fileRef = OBJ_10 /* LintCommand.swift */; };
		OBJ_315 /* VersionCommand.swift in Sources */ = {isa = PBXBuildFile; fileRef = OBJ_11 /* VersionCommand.swift */; };
		OBJ_316 /* Configuration+CommandLine.swift in Sources */ = {isa = PBXBuildFile; fileRef = OBJ_13 /* Configuration+CommandLine.swift */; };
		OBJ_317 /* FileManager+StringsLint.swift in Sources */ = {isa = PBXBuildFile; fileRef = OBJ_14 /* FileManager+StringsLint.swift */; };
		OBJ_318 /* Reporter+CommandLine.swift in Sources */ = {isa = PBXBuildFile; fileRef = OBJ_15 /* Reporter+CommandLine.swift */; };
		OBJ_319 /* CommonOptions.swift in Sources */ = {isa = PBXBuildFile; fileRef = OBJ_17 /* CommonOptions.swift */; };
		OBJ_320 /* Linter.swift in Sources */ = {isa = PBXBuildFile; fileRef = OBJ_18 /* Linter.swift */; };
		OBJ_321 /* main.swift in Sources */ = {isa = PBXBuildFile; fileRef = OBJ_19 /* main.swift */; };
		OBJ_323 /* Commandant.framework in Frameworks */ = {isa = PBXBuildFile; fileRef = "Commandant::Commandant::Product" /* Commandant.framework */; };
		OBJ_324 /* Result.framework in Frameworks */ = {isa = PBXBuildFile; fileRef = "Result::Result::Product" /* Result.framework */; };
		OBJ_325 /* StringsLintFramework.framework in Frameworks */ = {isa = PBXBuildFile; fileRef = "StringsLint::StringsLintFramework::Product" /* StringsLintFramework.framework */; };
		OBJ_326 /* Yams.framework in Frameworks */ = {isa = PBXBuildFile; fileRef = "Yams::Yams::Product" /* Yams.framework */; };
		OBJ_327 /* CYaml.framework in Frameworks */ = {isa = PBXBuildFile; fileRef = "Yams::CYaml::Product" /* CYaml.framework */; };
/* End PBXBuildFile section */

/* Begin PBXContainerItemProxy section */
		FAF3839F21E7A28200B24265 /* PBXContainerItemProxy */ = {
			isa = PBXContainerItemProxy;
			containerPortal = OBJ_1 /* Project object */;
			proxyType = 1;
			remoteGlobalIDString = "Yams::Yams";
			remoteInfo = Yams;
		};
		FAF383A021E7A28200B24265 /* PBXContainerItemProxy */ = {
			isa = PBXContainerItemProxy;
			containerPortal = OBJ_1 /* Project object */;
			proxyType = 1;
			remoteGlobalIDString = "Yams::CYaml";
			remoteInfo = CYaml;
		};
		FAF383A121E7A28200B24265 /* PBXContainerItemProxy */ = {
			isa = PBXContainerItemProxy;
			containerPortal = OBJ_1 /* Project object */;
			proxyType = 1;
			remoteGlobalIDString = "Yams::CYaml";
			remoteInfo = CYaml;
		};
		FAF383A221E7A28200B24265 /* PBXContainerItemProxy */ = {
			isa = PBXContainerItemProxy;
			containerPortal = OBJ_1 /* Project object */;
			proxyType = 1;
			remoteGlobalIDString = "Commandant::Commandant";
			remoteInfo = Commandant;
		};
		FAF383A321E7A28200B24265 /* PBXContainerItemProxy */ = {
			isa = PBXContainerItemProxy;
			containerPortal = OBJ_1 /* Project object */;
			proxyType = 1;
			remoteGlobalIDString = "Result::Result";
			remoteInfo = Result;
		};
		FAF383A421E7A28200B24265 /* PBXContainerItemProxy */ = {
			isa = PBXContainerItemProxy;
			containerPortal = OBJ_1 /* Project object */;
			proxyType = 1;
			remoteGlobalIDString = "Result::Result";
			remoteInfo = Result;
		};
		FAF383A521E7A28200B24265 /* PBXContainerItemProxy */ = {
			isa = PBXContainerItemProxy;
			containerPortal = OBJ_1 /* Project object */;
			proxyType = 1;
			remoteGlobalIDString = "StringsLint::StringsLintFramework";
			remoteInfo = StringsLintFramework;
		};
		FAF383A621E7A28200B24265 /* PBXContainerItemProxy */ = {
			isa = PBXContainerItemProxy;
			containerPortal = OBJ_1 /* Project object */;
			proxyType = 1;
			remoteGlobalIDString = "Yams::Yams";
			remoteInfo = Yams;
		};
		FAF383A721E7A28200B24265 /* PBXContainerItemProxy */ = {
			isa = PBXContainerItemProxy;
			containerPortal = OBJ_1 /* Project object */;
			proxyType = 1;
			remoteGlobalIDString = "Yams::CYaml";
			remoteInfo = CYaml;
		};
		FAF383A821E7A28200B24265 /* PBXContainerItemProxy */ = {
			isa = PBXContainerItemProxy;
			containerPortal = OBJ_1 /* Project object */;
			proxyType = 1;
			remoteGlobalIDString = "StringsLint::StringsLintFramework";
			remoteInfo = StringsLintFramework;
		};
		FAF383A921E7A28200B24265 /* PBXContainerItemProxy */ = {
			isa = PBXContainerItemProxy;
			containerPortal = OBJ_1 /* Project object */;
			proxyType = 1;
			remoteGlobalIDString = "Yams::Yams";
			remoteInfo = Yams;
		};
		FAF383AA21E7A28200B24265 /* PBXContainerItemProxy */ = {
			isa = PBXContainerItemProxy;
			containerPortal = OBJ_1 /* Project object */;
			proxyType = 1;
			remoteGlobalIDString = "Yams::CYaml";
			remoteInfo = CYaml;
		};
		FAF383AB21E7A28500B24265 /* PBXContainerItemProxy */ = {
			isa = PBXContainerItemProxy;
			containerPortal = OBJ_1 /* Project object */;
			proxyType = 1;
			remoteGlobalIDString = "StringsLint::StringsLintFrameworkTests";
			remoteInfo = StringsLintFrameworkTests;
		};
/* End PBXContainerItemProxy section */

/* Begin PBXFileReference section */
		8ACC8C1C268B51DF00EFF85D /* MissingCommentRuleConfiguration.swift */ = {isa = PBXFileReference; fileEncoding = 4; lastKnownFileType = sourcecode.swift; path = MissingCommentRuleConfiguration.swift; sourceTree = "<group>"; };
		8ACC8C1E268B51F100EFF85D /* MissingCommentRule.swift */ = {isa = PBXFileReference; fileEncoding = 4; lastKnownFileType = sourcecode.swift; path = MissingCommentRule.swift; sourceTree = "<group>"; };
		8ACC8C20268B522A00EFF85D /* MissingCommentRuleConfiguratonTests.swift */ = {isa = PBXFileReference; fileEncoding = 4; lastKnownFileType = sourcecode.swift; path = MissingCommentRuleConfiguratonTests.swift; sourceTree = "<group>"; };
		"Commandant::Commandant::Product" /* Commandant.framework */ = {isa = PBXFileReference; lastKnownFileType = wrapper.framework; path = Commandant.framework; sourceTree = BUILT_PRODUCTS_DIR; };
		FA77E9E726DE118900D82C5C /* XcodeReporterTests.swift */ = {isa = PBXFileReference; lastKnownFileType = sourcecode.swift; path = XcodeReporterTests.swift; sourceTree = "<group>"; };
		FA77E9E926DE1C0600D82C5C /* MissingCommentRuleTests.swift */ = {isa = PBXFileReference; lastKnownFileType = sourcecode.swift; path = MissingCommentRuleTests.swift; sourceTree = "<group>"; };
		FAA8243C224BDC620091A65C /* StringsdictParserTests.swift */ = {isa = PBXFileReference; lastKnownFileType = sourcecode.swift; path = StringsdictParserTests.swift; sourceTree = "<group>"; };
		FAA8243E224BDDD20091A65C /* StringsdictParser.swift */ = {isa = PBXFileReference; lastKnownFileType = sourcecode.swift; path = StringsdictParser.swift; sourceTree = "<group>"; };
		FAC5F8962C9C70F40041AE49 /* RegexConfiguration.swift */ = {isa = PBXFileReference; fileEncoding = 4; lastKnownFileType = sourcecode.swift; path = RegexConfiguration.swift; sourceTree = "<group>"; };
		FAE0FFC5251A032B00E20F84 /* String+Range.swift */ = {isa = PBXFileReference; lastKnownFileType = sourcecode.swift; path = "String+Range.swift"; sourceTree = "<group>"; };
		FAF2E3472AB486B000B60C7E /* MissingRuleTests.swift */ = {isa = PBXFileReference; lastKnownFileType = sourcecode.swift; path = MissingRuleTests.swift; sourceTree = "<group>"; };
		FAF383AC21E7A3C100B24265 /* MissingRuleConfiguration.swift */ = {isa = PBXFileReference; lastKnownFileType = sourcecode.swift; path = MissingRuleConfiguration.swift; sourceTree = "<group>"; };
		FAF383AE21E7A3DB00B24265 /* PartialRuleConfiguration.swift */ = {isa = PBXFileReference; lastKnownFileType = sourcecode.swift; path = PartialRuleConfiguration.swift; sourceTree = "<group>"; };
		FAF383B121E7A9E700B24265 /* UnusedRuleConfigurationTests.swift */ = {isa = PBXFileReference; lastKnownFileType = sourcecode.swift; path = UnusedRuleConfigurationTests.swift; sourceTree = "<group>"; };
		FAF383B321E7AAD900B24265 /* MissingRuleConfigurationTests.swift */ = {isa = PBXFileReference; lastKnownFileType = sourcecode.swift; path = MissingRuleConfigurationTests.swift; sourceTree = "<group>"; };
		FAF383B521E7AAFD00B24265 /* PartialRuleConfigurationTests.swift */ = {isa = PBXFileReference; lastKnownFileType = sourcecode.swift; path = PartialRuleConfigurationTests.swift; sourceTree = "<group>"; };
		FAFE2BDE22BA9B11003B35BB /* Info.plist */ = {isa = PBXFileReference; lastKnownFileType = text.plist.xml; path = Info.plist; sourceTree = "<group>"; };
		FAFE2BE022BA9B2B003B35BB /* Info.plist */ = {isa = PBXFileReference; lastKnownFileType = text.plist.xml; path = Info.plist; sourceTree = "<group>"; };
		OBJ_10 /* LintCommand.swift */ = {isa = PBXFileReference; lastKnownFileType = sourcecode.swift; path = LintCommand.swift; sourceTree = "<group>"; };
		OBJ_100 /* Resolver.swift */ = {isa = PBXFileReference; lastKnownFileType = sourcecode.swift; path = Resolver.swift; sourceTree = "<group>"; };
		OBJ_101 /* String+Yams.swift */ = {isa = PBXFileReference; lastKnownFileType = sourcecode.swift; path = "String+Yams.swift"; sourceTree = "<group>"; };
		OBJ_102 /* Tag.swift */ = {isa = PBXFileReference; lastKnownFileType = sourcecode.swift; path = Tag.swift; sourceTree = "<group>"; };
		OBJ_103 /* YamlError.swift */ = {isa = PBXFileReference; lastKnownFileType = sourcecode.swift; path = YamlError.swift; sourceTree = "<group>"; };
		OBJ_104 /* shim.swift */ = {isa = PBXFileReference; lastKnownFileType = sourcecode.swift; path = shim.swift; sourceTree = "<group>"; };
		OBJ_107 /* api.c */ = {isa = PBXFileReference; lastKnownFileType = sourcecode.c.c; path = api.c; sourceTree = "<group>"; };
		OBJ_108 /* emitter.c */ = {isa = PBXFileReference; lastKnownFileType = sourcecode.c.c; path = emitter.c; sourceTree = "<group>"; };
		OBJ_109 /* parser.c */ = {isa = PBXFileReference; lastKnownFileType = sourcecode.c.c; path = parser.c; sourceTree = "<group>"; };
		OBJ_11 /* VersionCommand.swift */ = {isa = PBXFileReference; lastKnownFileType = sourcecode.swift; path = VersionCommand.swift; sourceTree = "<group>"; };
		OBJ_110 /* reader.c */ = {isa = PBXFileReference; lastKnownFileType = sourcecode.c.c; path = reader.c; sourceTree = "<group>"; };
		OBJ_111 /* scanner.c */ = {isa = PBXFileReference; lastKnownFileType = sourcecode.c.c; path = scanner.c; sourceTree = "<group>"; };
		OBJ_112 /* writer.c */ = {isa = PBXFileReference; lastKnownFileType = sourcecode.c.c; path = writer.c; sourceTree = "<group>"; };
		OBJ_114 /* CYaml.h */ = {isa = PBXFileReference; lastKnownFileType = sourcecode.c.h; path = CYaml.h; sourceTree = "<group>"; };
		OBJ_115 /* yaml.h */ = {isa = PBXFileReference; lastKnownFileType = sourcecode.c.h; path = yaml.h; sourceTree = "<group>"; };
		OBJ_116 /* Package.swift */ = {isa = PBXFileReference; explicitFileType = sourcecode.swift; name = Package.swift; path = "/Users/alex/Projects/StringsLint/.build/checkouts/Yams.git-6968181056193183773/Package.swift"; sourceTree = "<group>"; };
		OBJ_119 /* Argument.swift */ = {isa = PBXFileReference; lastKnownFileType = sourcecode.swift; path = Argument.swift; sourceTree = "<group>"; };
		OBJ_120 /* ArgumentParser.swift */ = {isa = PBXFileReference; lastKnownFileType = sourcecode.swift; path = ArgumentParser.swift; sourceTree = "<group>"; };
		OBJ_121 /* ArgumentProtocol.swift */ = {isa = PBXFileReference; lastKnownFileType = sourcecode.swift; path = ArgumentProtocol.swift; sourceTree = "<group>"; };
		OBJ_122 /* Command.swift */ = {isa = PBXFileReference; lastKnownFileType = sourcecode.swift; path = Command.swift; sourceTree = "<group>"; };
		OBJ_123 /* Errors.swift */ = {isa = PBXFileReference; lastKnownFileType = sourcecode.swift; path = Errors.swift; sourceTree = "<group>"; };
		OBJ_124 /* HelpCommand.swift */ = {isa = PBXFileReference; lastKnownFileType = sourcecode.swift; path = HelpCommand.swift; sourceTree = "<group>"; };
		OBJ_125 /* Option.swift */ = {isa = PBXFileReference; lastKnownFileType = sourcecode.swift; path = Option.swift; sourceTree = "<group>"; };
		OBJ_126 /* OrderedSet.swift */ = {isa = PBXFileReference; lastKnownFileType = sourcecode.swift; path = OrderedSet.swift; sourceTree = "<group>"; };
		OBJ_127 /* Switch.swift */ = {isa = PBXFileReference; lastKnownFileType = sourcecode.swift; path = Switch.swift; sourceTree = "<group>"; };
		OBJ_128 /* Package.swift */ = {isa = PBXFileReference; explicitFileType = sourcecode.swift; name = Package.swift; path = "/Users/alex/Projects/StringsLint/.build/checkouts/Commandant.git--9012538021721529047/Package.swift"; sourceTree = "<group>"; };
		OBJ_13 /* Configuration+CommandLine.swift */ = {isa = PBXFileReference; lastKnownFileType = sourcecode.swift; path = "Configuration+CommandLine.swift"; sourceTree = "<group>"; };
		OBJ_131 /* AnyError.swift */ = {isa = PBXFileReference; lastKnownFileType = sourcecode.swift; path = AnyError.swift; sourceTree = "<group>"; };
		OBJ_132 /* NoError.swift */ = {isa = PBXFileReference; lastKnownFileType = sourcecode.swift; path = NoError.swift; sourceTree = "<group>"; };
		OBJ_133 /* Result.swift */ = {isa = PBXFileReference; lastKnownFileType = sourcecode.swift; path = Result.swift; sourceTree = "<group>"; };
		OBJ_134 /* ResultProtocol.swift */ = {isa = PBXFileReference; lastKnownFileType = sourcecode.swift; path = ResultProtocol.swift; sourceTree = "<group>"; };
		OBJ_135 /* Package.swift */ = {isa = PBXFileReference; explicitFileType = sourcecode.swift; name = Package.swift; path = "/Users/alex/Projects/StringsLint/.build/checkouts/Result.git-3516375426482692693/Package.swift"; sourceTree = "<group>"; };
		OBJ_14 /* FileManager+StringsLint.swift */ = {isa = PBXFileReference; lastKnownFileType = sourcecode.swift; path = "FileManager+StringsLint.swift"; sourceTree = "<group>"; };
		OBJ_15 /* Reporter+CommandLine.swift */ = {isa = PBXFileReference; lastKnownFileType = sourcecode.swift; path = "Reporter+CommandLine.swift"; sourceTree = "<group>"; };
		OBJ_17 /* CommonOptions.swift */ = {isa = PBXFileReference; lastKnownFileType = sourcecode.swift; path = CommonOptions.swift; sourceTree = "<group>"; };
		OBJ_18 /* Linter.swift */ = {isa = PBXFileReference; lastKnownFileType = sourcecode.swift; path = Linter.swift; sourceTree = "<group>"; };
		OBJ_19 /* main.swift */ = {isa = PBXFileReference; lastKnownFileType = sourcecode.swift; path = main.swift; sourceTree = "<group>"; };
		OBJ_22 /* Array+StringsLint.swift */ = {isa = PBXFileReference; lastKnownFileType = sourcecode.swift; path = "Array+StringsLint.swift"; sourceTree = "<group>"; };
		OBJ_23 /* Configuration+Parsing.swift */ = {isa = PBXFileReference; lastKnownFileType = sourcecode.swift; path = "Configuration+Parsing.swift"; sourceTree = "<group>"; };
		OBJ_24 /* LinuxCompatibility.swift */ = {isa = PBXFileReference; lastKnownFileType = sourcecode.swift; path = LinuxCompatibility.swift; sourceTree = "<group>"; };
		OBJ_25 /* QueuedPrint.swift */ = {isa = PBXFileReference; lastKnownFileType = sourcecode.swift; path = QueuedPrint.swift; sourceTree = "<group>"; };
		OBJ_26 /* String+StringsLint.swift */ = {isa = PBXFileReference; lastKnownFileType = sourcecode.swift; path = "String+StringsLint.swift"; sourceTree = "<group>"; };
		OBJ_28 /* Glob.swift */ = {isa = PBXFileReference; lastKnownFileType = sourcecode.swift; path = Glob.swift; sourceTree = "<group>"; };
		OBJ_29 /* Parsing.swift */ = {isa = PBXFileReference; lastKnownFileType = sourcecode.swift; path = Parsing.swift; sourceTree = "<group>"; };
		OBJ_31 /* Configuration.swift */ = {isa = PBXFileReference; lastKnownFileType = sourcecode.swift; path = Configuration.swift; sourceTree = "<group>"; };
		OBJ_32 /* ConfigurationError.swift */ = {isa = PBXFileReference; lastKnownFileType = sourcecode.swift; path = ConfigurationError.swift; sourceTree = "<group>"; };
		OBJ_33 /* File.swift */ = {isa = PBXFileReference; lastKnownFileType = sourcecode.swift; path = File.swift; sourceTree = "<group>"; };
		OBJ_34 /* Locale.swift */ = {isa = PBXFileReference; lastKnownFileType = sourcecode.swift; path = Locale.swift; sourceTree = "<group>"; };
		OBJ_35 /* LocalizedString.swift */ = {isa = PBXFileReference; lastKnownFileType = sourcecode.swift; path = LocalizedString.swift; sourceTree = "<group>"; };
		OBJ_36 /* Location.swift */ = {isa = PBXFileReference; lastKnownFileType = sourcecode.swift; path = Location.swift; sourceTree = "<group>"; };
		OBJ_37 /* MasterRuleList.swift */ = {isa = PBXFileReference; lastKnownFileType = sourcecode.swift; path = MasterRuleList.swift; sourceTree = "<group>"; };
		OBJ_38 /* RuleDescription.swift */ = {isa = PBXFileReference; lastKnownFileType = sourcecode.swift; path = RuleDescription.swift; sourceTree = "<group>"; };
		OBJ_39 /* RuleList.swift */ = {isa = PBXFileReference; lastKnownFileType = sourcecode.swift; path = RuleList.swift; sourceTree = "<group>"; };
		OBJ_40 /* Version.swift */ = {isa = PBXFileReference; lastKnownFileType = sourcecode.swift; path = Version.swift; sourceTree = "<group>"; };
		OBJ_41 /* Violation.swift */ = {isa = PBXFileReference; lastKnownFileType = sourcecode.swift; path = Violation.swift; sourceTree = "<group>"; };
		OBJ_42 /* ViolationSeverity.swift */ = {isa = PBXFileReference; lastKnownFileType = sourcecode.swift; path = ViolationSeverity.swift; sourceTree = "<group>"; };
		OBJ_44 /* ComposedParser.swift */ = {isa = PBXFileReference; lastKnownFileType = sourcecode.swift; path = ComposedParser.swift; sourceTree = "<group>"; };
		OBJ_46 /* ObjcParserConfiguration.swift */ = {isa = PBXFileReference; lastKnownFileType = sourcecode.swift; path = ObjcParserConfiguration.swift; sourceTree = "<group>"; };
		OBJ_47 /* SwiftParserConfiguration.swift */ = {isa = PBXFileReference; lastKnownFileType = sourcecode.swift; path = SwiftParserConfiguration.swift; sourceTree = "<group>"; };
		OBJ_48 /* XibParserConfiguration.swift */ = {isa = PBXFileReference; lastKnownFileType = sourcecode.swift; path = XibParserConfiguration.swift; sourceTree = "<group>"; };
		OBJ_49 /* LocalizableParser.swift */ = {isa = PBXFileReference; lastKnownFileType = sourcecode.swift; path = LocalizableParser.swift; sourceTree = "<group>"; };
		OBJ_50 /* ObjcParser.swift */ = {isa = PBXFileReference; lastKnownFileType = sourcecode.swift; path = ObjcParser.swift; sourceTree = "<group>"; };
		OBJ_51 /* StringsParser.swift */ = {isa = PBXFileReference; lastKnownFileType = sourcecode.swift; path = StringsParser.swift; sourceTree = "<group>"; };
		OBJ_52 /* SwiftParser.swift */ = {isa = PBXFileReference; lastKnownFileType = sourcecode.swift; path = SwiftParser.swift; sourceTree = "<group>"; };
		OBJ_53 /* XibParser.swift */ = {isa = PBXFileReference; lastKnownFileType = sourcecode.swift; path = XibParser.swift; sourceTree = "<group>"; };
		OBJ_54 /* YamlParser.swift */ = {isa = PBXFileReference; lastKnownFileType = sourcecode.swift; path = YamlParser.swift; sourceTree = "<group>"; };
		OBJ_56 /* Reporter.swift */ = {isa = PBXFileReference; lastKnownFileType = sourcecode.swift; path = Reporter.swift; sourceTree = "<group>"; };
		OBJ_57 /* XcodeReporter.swift */ = {isa = PBXFileReference; lastKnownFileType = sourcecode.swift; path = XcodeReporter.swift; sourceTree = "<group>"; };
		OBJ_6 /* Package.swift */ = {isa = PBXFileReference; explicitFileType = sourcecode.swift; path = Package.swift; sourceTree = "<group>"; };
		OBJ_60 /* RuleConfiguration.swift */ = {isa = PBXFileReference; lastKnownFileType = sourcecode.swift; path = RuleConfiguration.swift; sourceTree = "<group>"; };
		OBJ_61 /* UnusedRuleConfiguration.swift */ = {isa = PBXFileReference; lastKnownFileType = sourcecode.swift; path = UnusedRuleConfiguration.swift; sourceTree = "<group>"; };
		OBJ_63 /* MissingRule.swift */ = {isa = PBXFileReference; lastKnownFileType = sourcecode.swift; path = MissingRule.swift; sourceTree = "<group>"; };
		OBJ_64 /* PartialRule.swift */ = {isa = PBXFileReference; lastKnownFileType = sourcecode.swift; path = PartialRule.swift; sourceTree = "<group>"; };
		OBJ_65 /* UnusedRule.swift */ = {isa = PBXFileReference; lastKnownFileType = sourcecode.swift; path = UnusedRule.swift; sourceTree = "<group>"; };
		OBJ_66 /* LintRule.swift */ = {isa = PBXFileReference; lastKnownFileType = sourcecode.swift; path = LintRule.swift; sourceTree = "<group>"; };
		OBJ_70 /* ConfigurationTestCase.swift */ = {isa = PBXFileReference; lastKnownFileType = sourcecode.swift; path = ConfigurationTestCase.swift; sourceTree = "<group>"; };
		OBJ_71 /* ConfigurationTests.swift */ = {isa = PBXFileReference; lastKnownFileType = sourcecode.swift; path = ConfigurationTests.swift; sourceTree = "<group>"; };
		OBJ_74 /* ObjcParserConfigurationTests.swift */ = {isa = PBXFileReference; lastKnownFileType = sourcecode.swift; path = ObjcParserConfigurationTests.swift; sourceTree = "<group>"; };
		OBJ_76 /* SwiftParserConfigurationTests.swift */ = {isa = PBXFileReference; lastKnownFileType = sourcecode.swift; path = SwiftParserConfigurationTests.swift; sourceTree = "<group>"; };
		OBJ_77 /* ObjcParserTests.swift */ = {isa = PBXFileReference; lastKnownFileType = sourcecode.swift; path = ObjcParserTests.swift; sourceTree = "<group>"; };
		OBJ_78 /* ParserTestCase.swift */ = {isa = PBXFileReference; lastKnownFileType = sourcecode.swift; path = ParserTestCase.swift; sourceTree = "<group>"; };
		OBJ_79 /* StringsParserTests.swift */ = {isa = PBXFileReference; lastKnownFileType = sourcecode.swift; path = StringsParserTests.swift; sourceTree = "<group>"; };
		OBJ_80 /* SwiftParserTests.swift */ = {isa = PBXFileReference; lastKnownFileType = sourcecode.swift; path = SwiftParserTests.swift; sourceTree = "<group>"; };
		OBJ_81 /* XibParserTests.swift */ = {isa = PBXFileReference; lastKnownFileType = sourcecode.swift; path = XibParserTests.swift; sourceTree = "<group>"; };
		OBJ_83 /* UnusedRuleTests.swift */ = {isa = PBXFileReference; lastKnownFileType = sourcecode.swift; path = UnusedRuleTests.swift; sourceTree = "<group>"; };
		OBJ_84 /* script */ = {isa = PBXFileReference; lastKnownFileType = folder; path = script; sourceTree = SOURCE_ROOT; };
		OBJ_85 /* assets */ = {isa = PBXFileReference; lastKnownFileType = folder; path = assets; sourceTree = SOURCE_ROOT; };
		OBJ_89 /* Constructor.swift */ = {isa = PBXFileReference; lastKnownFileType = sourcecode.swift; path = Constructor.swift; sourceTree = "<group>"; };
		OBJ_90 /* Decoder.swift */ = {isa = PBXFileReference; lastKnownFileType = sourcecode.swift; path = Decoder.swift; sourceTree = "<group>"; };
		OBJ_91 /* Emitter.swift */ = {isa = PBXFileReference; lastKnownFileType = sourcecode.swift; path = Emitter.swift; sourceTree = "<group>"; };
		OBJ_92 /* Encoder.swift */ = {isa = PBXFileReference; lastKnownFileType = sourcecode.swift; path = Encoder.swift; sourceTree = "<group>"; };
		OBJ_93 /* Mark.swift */ = {isa = PBXFileReference; lastKnownFileType = sourcecode.swift; path = Mark.swift; sourceTree = "<group>"; };
		OBJ_94 /* Node.Mapping.swift */ = {isa = PBXFileReference; lastKnownFileType = sourcecode.swift; path = Node.Mapping.swift; sourceTree = "<group>"; };
		OBJ_95 /* Node.Scalar.swift */ = {isa = PBXFileReference; lastKnownFileType = sourcecode.swift; path = Node.Scalar.swift; sourceTree = "<group>"; };
		OBJ_96 /* Node.Sequence.swift */ = {isa = PBXFileReference; lastKnownFileType = sourcecode.swift; path = Node.Sequence.swift; sourceTree = "<group>"; };
		OBJ_97 /* Node.swift */ = {isa = PBXFileReference; lastKnownFileType = sourcecode.swift; path = Node.swift; sourceTree = "<group>"; };
		OBJ_98 /* Parser.swift */ = {isa = PBXFileReference; lastKnownFileType = sourcecode.swift; path = Parser.swift; sourceTree = "<group>"; };
		OBJ_99 /* Representer.swift */ = {isa = PBXFileReference; lastKnownFileType = sourcecode.swift; path = Representer.swift; sourceTree = "<group>"; };
		"Result::Result::Product" /* Result.framework */ = {isa = PBXFileReference; lastKnownFileType = wrapper.framework; path = Result.framework; sourceTree = BUILT_PRODUCTS_DIR; };
		"StringsLint::StringsLintFramework::Product" /* StringsLintFramework.framework */ = {isa = PBXFileReference; explicitFileType = wrapper.framework; path = StringsLintFramework.framework; sourceTree = BUILT_PRODUCTS_DIR; };
		"StringsLint::StringsLintFrameworkTests::Product" /* StringsLintFrameworkTests.xctest */ = {isa = PBXFileReference; explicitFileType = wrapper.cfbundle; path = StringsLintFrameworkTests.xctest; sourceTree = BUILT_PRODUCTS_DIR; };
		"StringsLint::stringslint::Product" /* stringslint */ = {isa = PBXFileReference; explicitFileType = "compiled.mach-o.executable"; path = stringslint; sourceTree = BUILT_PRODUCTS_DIR; };
		"Yams::CYaml::Product" /* CYaml.framework */ = {isa = PBXFileReference; lastKnownFileType = wrapper.framework; path = CYaml.framework; sourceTree = BUILT_PRODUCTS_DIR; };
		"Yams::Yams::Product" /* Yams.framework */ = {isa = PBXFileReference; lastKnownFileType = wrapper.framework; path = Yams.framework; sourceTree = BUILT_PRODUCTS_DIR; };
/* End PBXFileReference section */

/* Begin PBXFrameworksBuildPhase section */
		OBJ_158 /* Frameworks */ = {
			isa = PBXFrameworksBuildPhase;
			buildActionMask = 0;
			files = (
			);
			runOnlyForDeploymentPostprocessing = 0;
		};
		OBJ_173 /* Frameworks */ = {
			isa = PBXFrameworksBuildPhase;
			buildActionMask = 0;
			files = (
				OBJ_174 /* Result.framework in Frameworks */,
			);
			runOnlyForDeploymentPostprocessing = 0;
		};
		OBJ_191 /* Frameworks */ = {
			isa = PBXFrameworksBuildPhase;
			buildActionMask = 0;
			files = (
			);
			runOnlyForDeploymentPostprocessing = 0;
		};
		OBJ_240 /* Frameworks */ = {
			isa = PBXFrameworksBuildPhase;
			buildActionMask = 0;
			files = (
				OBJ_241 /* Yams.framework in Frameworks */,
				OBJ_242 /* CYaml.framework in Frameworks */,
			);
			runOnlyForDeploymentPostprocessing = 0;
		};
		OBJ_262 /* Frameworks */ = {
			isa = PBXFrameworksBuildPhase;
			buildActionMask = 0;
			files = (
				OBJ_263 /* StringsLintFramework.framework in Frameworks */,
				OBJ_264 /* Yams.framework in Frameworks */,
				OBJ_265 /* CYaml.framework in Frameworks */,
			);
			runOnlyForDeploymentPostprocessing = 0;
		};
		OBJ_300 /* Frameworks */ = {
			isa = PBXFrameworksBuildPhase;
			buildActionMask = 0;
			files = (
				OBJ_301 /* CYaml.framework in Frameworks */,
			);
			runOnlyForDeploymentPostprocessing = 0;
		};
		OBJ_322 /* Frameworks */ = {
			isa = PBXFrameworksBuildPhase;
			buildActionMask = 0;
			files = (
				OBJ_323 /* Commandant.framework in Frameworks */,
				OBJ_324 /* Result.framework in Frameworks */,
				OBJ_325 /* StringsLintFramework.framework in Frameworks */,
				OBJ_326 /* Yams.framework in Frameworks */,
				OBJ_327 /* CYaml.framework in Frameworks */,
			);
			runOnlyForDeploymentPostprocessing = 0;
		};
/* End PBXFrameworksBuildPhase section */

/* Begin PBXGroup section */
		FA77E9E626DE116800D82C5C /* Reporters */ = {
			isa = PBXGroup;
			children = (
				FA77E9E726DE118900D82C5C /* XcodeReporterTests.swift */,
			);
			path = Reporters;
			sourceTree = "<group>";
		};
		FAF2E3492AB486C000B60C7E /* Lint */ = {
			isa = PBXGroup;
			children = (
				FA77E9E926DE1C0600D82C5C /* MissingCommentRuleTests.swift */,
				FAF2E3472AB486B000B60C7E /* MissingRuleTests.swift */,
				OBJ_83 /* UnusedRuleTests.swift */,
			);
			path = Lint;
			sourceTree = "<group>";
		};
		FAF383B021E7A9CE00B24265 /* Configuration */ = {
			isa = PBXGroup;
			children = (
				8ACC8C20268B522A00EFF85D /* MissingCommentRuleConfiguratonTests.swift */,
				FAF383B321E7AAD900B24265 /* MissingRuleConfigurationTests.swift */,
				FAF383B521E7AAFD00B24265 /* PartialRuleConfigurationTests.swift */,
				FAF383B121E7A9E700B24265 /* UnusedRuleConfigurationTests.swift */,
			);
			path = Configuration;
			sourceTree = "<group>";
		};
		FAFE2BDD22BA9B11003B35BB /* Supporting Files */ = {
			isa = PBXGroup;
			children = (
				FAFE2BDE22BA9B11003B35BB /* Info.plist */,
			);
			path = "Supporting Files";
			sourceTree = "<group>";
		};
		FAFE2BDF22BA9B2B003B35BB /* Supporting Files */ = {
			isa = PBXGroup;
			children = (
				FAFE2BE022BA9B2B003B35BB /* Info.plist */,
			);
			name = "Supporting Files";
			path = "Sources/StringsLint/Supporting Files";
			sourceTree = SOURCE_ROOT;
		};
		OBJ_105 /* CYaml */ = {
			isa = PBXGroup;
			children = (
				OBJ_106 /* src */,
				OBJ_113 /* include */,
			);
			name = CYaml;
			path = ".build/checkouts/Yams.git-6968181056193183773/Sources/CYaml";
			sourceTree = SOURCE_ROOT;
		};
		OBJ_106 /* src */ = {
			isa = PBXGroup;
			children = (
				OBJ_107 /* api.c */,
				OBJ_108 /* emitter.c */,
				OBJ_109 /* parser.c */,
				OBJ_110 /* reader.c */,
				OBJ_111 /* scanner.c */,
				OBJ_112 /* writer.c */,
			);
			path = src;
			sourceTree = "<group>";
		};
		OBJ_113 /* include */ = {
			isa = PBXGroup;
			children = (
				OBJ_114 /* CYaml.h */,
				OBJ_115 /* yaml.h */,
			);
			path = include;
			sourceTree = "<group>";
		};
		OBJ_117 /* Commandant 0.15.0 */ = {
			isa = PBXGroup;
			children = (
				OBJ_118 /* Commandant */,
				OBJ_128 /* Package.swift */,
			);
			name = "Commandant 0.15.0";
			sourceTree = SOURCE_ROOT;
		};
		OBJ_118 /* Commandant */ = {
			isa = PBXGroup;
			children = (
				OBJ_119 /* Argument.swift */,
				OBJ_120 /* ArgumentParser.swift */,
				OBJ_121 /* ArgumentProtocol.swift */,
				OBJ_122 /* Command.swift */,
				OBJ_123 /* Errors.swift */,
				OBJ_124 /* HelpCommand.swift */,
				OBJ_125 /* Option.swift */,
				OBJ_126 /* OrderedSet.swift */,
				OBJ_127 /* Switch.swift */,
			);
			name = Commandant;
			path = ".build/checkouts/Commandant.git--9012538021721529047/Sources/Commandant";
			sourceTree = SOURCE_ROOT;
		};
		OBJ_12 /* Extensions */ = {
			isa = PBXGroup;
			children = (
				OBJ_13 /* Configuration+CommandLine.swift */,
				OBJ_14 /* FileManager+StringsLint.swift */,
				OBJ_15 /* Reporter+CommandLine.swift */,
			);
			path = Extensions;
			sourceTree = "<group>";
		};
		OBJ_129 /* Result 4.0.0 */ = {
			isa = PBXGroup;
			children = (
				OBJ_130 /* Result */,
				OBJ_135 /* Package.swift */,
			);
			name = "Result 4.0.0";
			sourceTree = SOURCE_ROOT;
		};
		OBJ_130 /* Result */ = {
			isa = PBXGroup;
			children = (
				OBJ_131 /* AnyError.swift */,
				OBJ_132 /* NoError.swift */,
				OBJ_133 /* Result.swift */,
				OBJ_134 /* ResultProtocol.swift */,
			);
			name = Result;
			path = ".build/checkouts/Result.git-3516375426482692693/Result";
			sourceTree = SOURCE_ROOT;
		};
		OBJ_136 /* Products */ = {
			isa = PBXGroup;
			children = (
				"StringsLint::StringsLintFrameworkTests::Product" /* StringsLintFrameworkTests.xctest */,
				"StringsLint::StringsLintFramework::Product" /* StringsLintFramework.framework */,
				"Result::Result::Product" /* Result.framework */,
				"Yams::Yams::Product" /* Yams.framework */,
				"Yams::CYaml::Product" /* CYaml.framework */,
				"StringsLint::stringslint::Product" /* stringslint */,
				"Commandant::Commandant::Product" /* Commandant.framework */,
			);
			name = Products;
			sourceTree = BUILT_PRODUCTS_DIR;
		};
		OBJ_16 /* Helpers */ = {
			isa = PBXGroup;
			children = (
				OBJ_17 /* CommonOptions.swift */,
				OBJ_18 /* Linter.swift */,
			);
			path = Helpers;
			sourceTree = "<group>";
		};
		OBJ_20 /* StringsLintFramework */ = {
			isa = PBXGroup;
			children = (
				OBJ_21 /* Extensions */,
				OBJ_27 /* Helpers */,
				OBJ_30 /* Models */,
				OBJ_43 /* Parsers */,
				OBJ_55 /* Reporters */,
				OBJ_58 /* Rules */,
				FAFE2BDD22BA9B11003B35BB /* Supporting Files */,
			);
			name = StringsLintFramework;
			path = Sources/StringsLintFramework;
			sourceTree = SOURCE_ROOT;
		};
		OBJ_21 /* Extensions */ = {
			isa = PBXGroup;
			children = (
				OBJ_22 /* Array+StringsLint.swift */,
				OBJ_23 /* Configuration+Parsing.swift */,
				OBJ_24 /* LinuxCompatibility.swift */,
				OBJ_25 /* QueuedPrint.swift */,
				OBJ_26 /* String+StringsLint.swift */,
			);
			path = Extensions;
			sourceTree = "<group>";
		};
		OBJ_27 /* Helpers */ = {
			isa = PBXGroup;
			children = (
				OBJ_28 /* Glob.swift */,
				OBJ_29 /* Parsing.swift */,
				FAE0FFC5251A032B00E20F84 /* String+Range.swift */,
			);
			path = Helpers;
			sourceTree = "<group>";
		};
		OBJ_30 /* Models */ = {
			isa = PBXGroup;
			children = (
				OBJ_31 /* Configuration.swift */,
				OBJ_32 /* ConfigurationError.swift */,
				OBJ_33 /* File.swift */,
				OBJ_34 /* Locale.swift */,
				OBJ_35 /* LocalizedString.swift */,
				OBJ_36 /* Location.swift */,
				OBJ_37 /* MasterRuleList.swift */,
				FAC5F8962C9C70F40041AE49 /* RegexConfiguration.swift */,
				OBJ_38 /* RuleDescription.swift */,
				OBJ_39 /* RuleList.swift */,
				OBJ_40 /* Version.swift */,
				OBJ_41 /* Violation.swift */,
				OBJ_42 /* ViolationSeverity.swift */,
			);
			path = Models;
			sourceTree = "<group>";
		};
		OBJ_43 /* Parsers */ = {
			isa = PBXGroup;
			children = (
				OBJ_44 /* ComposedParser.swift */,
				OBJ_45 /* Configuration */,
				OBJ_49 /* LocalizableParser.swift */,
				OBJ_50 /* ObjcParser.swift */,
				OBJ_51 /* StringsParser.swift */,
				FAA8243E224BDDD20091A65C /* StringsdictParser.swift */,
				OBJ_52 /* SwiftParser.swift */,
				OBJ_53 /* XibParser.swift */,
				OBJ_54 /* YamlParser.swift */,
			);
			path = Parsers;
			sourceTree = "<group>";
		};
		OBJ_45 /* Configuration */ = {
			isa = PBXGroup;
			children = (
				OBJ_46 /* ObjcParserConfiguration.swift */,
				OBJ_47 /* SwiftParserConfiguration.swift */,
				OBJ_48 /* XibParserConfiguration.swift */,
			);
			path = Configuration;
			sourceTree = "<group>";
		};
		OBJ_5 = {
			isa = PBXGroup;
			children = (
				OBJ_6 /* Package.swift */,
				OBJ_7 /* Sources */,
				OBJ_67 /* Tests */,
				OBJ_84 /* script */,
				OBJ_85 /* assets */,
				OBJ_86 /* Dependencies */,
				OBJ_136 /* Products */,
			);
			sourceTree = "<group>";
		};
		OBJ_55 /* Reporters */ = {
			isa = PBXGroup;
			children = (
				OBJ_56 /* Reporter.swift */,
				OBJ_57 /* XcodeReporter.swift */,
			);
			path = Reporters;
			sourceTree = "<group>";
		};
		OBJ_58 /* Rules */ = {
			isa = PBXGroup;
			children = (
				OBJ_59 /* Configuration */,
				OBJ_62 /* Lint */,
				OBJ_66 /* LintRule.swift */,
			);
			path = Rules;
			sourceTree = "<group>";
		};
		OBJ_59 /* Configuration */ = {
			isa = PBXGroup;
			children = (
				8ACC8C1C268B51DF00EFF85D /* MissingCommentRuleConfiguration.swift */,
				OBJ_60 /* RuleConfiguration.swift */,
				OBJ_61 /* UnusedRuleConfiguration.swift */,
				FAF383AC21E7A3C100B24265 /* MissingRuleConfiguration.swift */,
				FAF383AE21E7A3DB00B24265 /* PartialRuleConfiguration.swift */,
			);
			path = Configuration;
			sourceTree = "<group>";
		};
		OBJ_62 /* Lint */ = {
			isa = PBXGroup;
			children = (
				8ACC8C1E268B51F100EFF85D /* MissingCommentRule.swift */,
				OBJ_63 /* MissingRule.swift */,
				OBJ_64 /* PartialRule.swift */,
				OBJ_65 /* UnusedRule.swift */,
			);
			path = Lint;
			sourceTree = "<group>";
		};
		OBJ_67 /* Tests */ = {
			isa = PBXGroup;
			children = (
				OBJ_68 /* StringsLintFrameworkTests */,
			);
			name = Tests;
			sourceTree = SOURCE_ROOT;
		};
		OBJ_68 /* StringsLintFrameworkTests */ = {
			isa = PBXGroup;
			children = (
				OBJ_69 /* Models */,
				OBJ_72 /* Parsers */,
				FA77E9E626DE116800D82C5C /* Reporters */,
				OBJ_82 /* Rules */,
			);
			name = StringsLintFrameworkTests;
			path = Tests/StringsLintFrameworkTests;
			sourceTree = SOURCE_ROOT;
		};
		OBJ_69 /* Models */ = {
			isa = PBXGroup;
			children = (
				OBJ_70 /* ConfigurationTestCase.swift */,
				OBJ_71 /* ConfigurationTests.swift */,
			);
			path = Models;
			sourceTree = "<group>";
		};
		OBJ_7 /* Sources */ = {
			isa = PBXGroup;
			children = (
				OBJ_8 /* stringslint */,
				OBJ_20 /* StringsLintFramework */,
			);
			name = Sources;
			sourceTree = SOURCE_ROOT;
		};
		OBJ_72 /* Parsers */ = {
			isa = PBXGroup;
			children = (
				OBJ_73 /* Configuration */,
				OBJ_77 /* ObjcParserTests.swift */,
				OBJ_78 /* ParserTestCase.swift */,
				OBJ_79 /* StringsParserTests.swift */,
				FAA8243C224BDC620091A65C /* StringsdictParserTests.swift */,
				OBJ_80 /* SwiftParserTests.swift */,
				OBJ_81 /* XibParserTests.swift */,
			);
			path = Parsers;
			sourceTree = "<group>";
		};
		OBJ_73 /* Configuration */ = {
			isa = PBXGroup;
			children = (
				OBJ_74 /* ObjcParserConfigurationTests.swift */,
				OBJ_76 /* SwiftParserConfigurationTests.swift */,
			);
			path = Configuration;
			sourceTree = "<group>";
		};
		OBJ_8 /* stringslint */ = {
			isa = PBXGroup;
			children = (
				OBJ_9 /* Commands */,
				OBJ_12 /* Extensions */,
				OBJ_16 /* Helpers */,
				FAFE2BDF22BA9B2B003B35BB /* Supporting Files */,
				OBJ_19 /* main.swift */,
			);
			name = stringslint;
			path = Sources/stringslint;
			sourceTree = SOURCE_ROOT;
		};
		OBJ_82 /* Rules */ = {
			isa = PBXGroup;
			children = (
				FAF383B021E7A9CE00B24265 /* Configuration */,
				FAF2E3492AB486C000B60C7E /* Lint */,
			);
			path = Rules;
			sourceTree = "<group>";
		};
		OBJ_86 /* Dependencies */ = {
			isa = PBXGroup;
			children = (
				OBJ_87 /* Yams 1.0.1 */,
				OBJ_117 /* Commandant 0.15.0 */,
				OBJ_129 /* Result 4.0.0 */,
			);
			name = Dependencies;
			sourceTree = "<group>";
		};
		OBJ_87 /* Yams 1.0.1 */ = {
			isa = PBXGroup;
			children = (
				OBJ_88 /* Yams */,
				OBJ_105 /* CYaml */,
				OBJ_116 /* Package.swift */,
			);
			name = "Yams 1.0.1";
			sourceTree = SOURCE_ROOT;
		};
		OBJ_88 /* Yams */ = {
			isa = PBXGroup;
			children = (
				OBJ_89 /* Constructor.swift */,
				OBJ_90 /* Decoder.swift */,
				OBJ_91 /* Emitter.swift */,
				OBJ_92 /* Encoder.swift */,
				OBJ_93 /* Mark.swift */,
				OBJ_94 /* Node.Mapping.swift */,
				OBJ_95 /* Node.Scalar.swift */,
				OBJ_96 /* Node.Sequence.swift */,
				OBJ_97 /* Node.swift */,
				OBJ_98 /* Parser.swift */,
				OBJ_99 /* Representer.swift */,
				OBJ_100 /* Resolver.swift */,
				OBJ_101 /* String+Yams.swift */,
				OBJ_102 /* Tag.swift */,
				OBJ_103 /* YamlError.swift */,
				OBJ_104 /* shim.swift */,
			);
			name = Yams;
			path = ".build/checkouts/Yams.git-6968181056193183773/Sources/Yams";
			sourceTree = SOURCE_ROOT;
		};
		OBJ_9 /* Commands */ = {
			isa = PBXGroup;
			children = (
				OBJ_10 /* LintCommand.swift */,
				OBJ_11 /* VersionCommand.swift */,
			);
			path = Commands;
			sourceTree = "<group>";
		};
/* End PBXGroup section */

/* Begin PBXHeadersBuildPhase section */
		OBJ_155 /* Headers */ = {
			isa = PBXHeadersBuildPhase;
			buildActionMask = 0;
			files = (
				OBJ_156 /* CYaml.h in Headers */,
				OBJ_157 /* yaml.h in Headers */,
			);
			runOnlyForDeploymentPostprocessing = 0;
		};
/* End PBXHeadersBuildPhase section */

/* Begin PBXNativeTarget section */
		"Commandant::Commandant" /* Commandant */ = {
			isa = PBXNativeTarget;
			buildConfigurationList = OBJ_160 /* Build configuration list for PBXNativeTarget "Commandant" */;
			buildPhases = (
				OBJ_163 /* Sources */,
				OBJ_173 /* Frameworks */,
			);
			buildRules = (
			);
			dependencies = (
				OBJ_175 /* PBXTargetDependency */,
			);
			name = Commandant;
			productName = Commandant;
			productReference = "Commandant::Commandant::Product" /* Commandant.framework */;
			productType = "com.apple.product-type.framework";
		};
		"Commandant::SwiftPMPackageDescription" /* CommandantPackageDescription */ = {
			isa = PBXNativeTarget;
			buildConfigurationList = OBJ_178 /* Build configuration list for PBXNativeTarget "CommandantPackageDescription" */;
			buildPhases = (
				OBJ_181 /* Sources */,
			);
			buildRules = (
			);
			dependencies = (
			);
			name = CommandantPackageDescription;
			productName = CommandantPackageDescription;
			productType = "com.apple.product-type.framework";
		};
		"Result::Result" /* Result */ = {
			isa = PBXNativeTarget;
			buildConfigurationList = OBJ_183 /* Build configuration list for PBXNativeTarget "Result" */;
			buildPhases = (
				OBJ_186 /* Sources */,
				OBJ_191 /* Frameworks */,
			);
			buildRules = (
			);
			dependencies = (
			);
			name = Result;
			productName = Result;
			productReference = "Result::Result::Product" /* Result.framework */;
			productType = "com.apple.product-type.framework";
		};
		"Result::SwiftPMPackageDescription" /* ResultPackageDescription */ = {
			isa = PBXNativeTarget;
			buildConfigurationList = OBJ_193 /* Build configuration list for PBXNativeTarget "ResultPackageDescription" */;
			buildPhases = (
				OBJ_196 /* Sources */,
			);
			buildRules = (
			);
			dependencies = (
			);
			name = ResultPackageDescription;
			productName = ResultPackageDescription;
			productType = "com.apple.product-type.framework";
		};
		"StringsLint::StringsLintFramework" /* StringsLintFramework */ = {
			isa = PBXNativeTarget;
			buildConfigurationList = OBJ_199 /* Build configuration list for PBXNativeTarget "StringsLintFramework" */;
			buildPhases = (
				OBJ_202 /* Sources */,
				OBJ_240 /* Frameworks */,
			);
			buildRules = (
			);
			dependencies = (
				OBJ_243 /* PBXTargetDependency */,
				OBJ_245 /* PBXTargetDependency */,
			);
			name = StringsLintFramework;
			productName = StringsLintFramework;
			productReference = "StringsLint::StringsLintFramework::Product" /* StringsLintFramework.framework */;
			productType = "com.apple.product-type.framework";
		};
		"StringsLint::StringsLintFrameworkTests" /* StringsLintFrameworkTests */ = {
			isa = PBXNativeTarget;
			buildConfigurationList = OBJ_247 /* Build configuration list for PBXNativeTarget "StringsLintFrameworkTests" */;
			buildPhases = (
				OBJ_250 /* Sources */,
				OBJ_262 /* Frameworks */,
			);
			buildRules = (
			);
			dependencies = (
				OBJ_266 /* PBXTargetDependency */,
				OBJ_267 /* PBXTargetDependency */,
				OBJ_268 /* PBXTargetDependency */,
			);
			name = StringsLintFrameworkTests;
			productName = StringsLintFrameworkTests;
			productReference = "StringsLint::StringsLintFrameworkTests::Product" /* StringsLintFrameworkTests.xctest */;
			productType = "com.apple.product-type.bundle.unit-test";
		};
		"StringsLint::SwiftPMPackageDescription" /* StringsLintPackageDescription */ = {
			isa = PBXNativeTarget;
			buildConfigurationList = OBJ_270 /* Build configuration list for PBXNativeTarget "StringsLintPackageDescription" */;
			buildPhases = (
				OBJ_273 /* Sources */,
			);
			buildRules = (
			);
			dependencies = (
			);
			name = StringsLintPackageDescription;
			productName = StringsLintPackageDescription;
			productType = "com.apple.product-type.framework";
		};
		"StringsLint::stringslint" /* stringslint */ = {
			isa = PBXNativeTarget;
			buildConfigurationList = OBJ_310 /* Build configuration list for PBXNativeTarget "stringslint" */;
			buildPhases = (
				OBJ_313 /* Sources */,
				OBJ_322 /* Frameworks */,
			);
			buildRules = (
			);
			dependencies = (
				OBJ_328 /* PBXTargetDependency */,
				OBJ_329 /* PBXTargetDependency */,
				OBJ_330 /* PBXTargetDependency */,
				OBJ_331 /* PBXTargetDependency */,
				OBJ_332 /* PBXTargetDependency */,
			);
			name = stringslint;
			productName = stringslint;
			productReference = "StringsLint::stringslint::Product" /* stringslint */;
			productType = "com.apple.product-type.tool";
		};
		"Yams::CYaml" /* CYaml */ = {
			isa = PBXNativeTarget;
			buildConfigurationList = OBJ_145 /* Build configuration list for PBXNativeTarget "CYaml" */;
			buildPhases = (
				OBJ_148 /* Sources */,
				OBJ_155 /* Headers */,
				OBJ_158 /* Frameworks */,
			);
			buildRules = (
			);
			dependencies = (
			);
			name = CYaml;
			productName = CYaml;
			productReference = "Yams::CYaml::Product" /* CYaml.framework */;
			productType = "com.apple.product-type.framework";
		};
		"Yams::SwiftPMPackageDescription" /* YamsPackageDescription */ = {
			isa = PBXNativeTarget;
			buildConfigurationList = OBJ_304 /* Build configuration list for PBXNativeTarget "YamsPackageDescription" */;
			buildPhases = (
				OBJ_307 /* Sources */,
			);
			buildRules = (
			);
			dependencies = (
			);
			name = YamsPackageDescription;
			productName = YamsPackageDescription;
			productType = "com.apple.product-type.framework";
		};
		"Yams::Yams" /* Yams */ = {
			isa = PBXNativeTarget;
			buildConfigurationList = OBJ_280 /* Build configuration list for PBXNativeTarget "Yams" */;
			buildPhases = (
				OBJ_283 /* Sources */,
				OBJ_300 /* Frameworks */,
			);
			buildRules = (
			);
			dependencies = (
				OBJ_302 /* PBXTargetDependency */,
			);
			name = Yams;
			productName = Yams;
			productReference = "Yams::Yams::Product" /* Yams.framework */;
			productType = "com.apple.product-type.framework";
		};
/* End PBXNativeTarget section */

/* Begin PBXProject section */
		OBJ_1 /* Project object */ = {
			isa = PBXProject;
			attributes = {
				LastUpgradeCheck = 9999;
				TargetAttributes = {
					"StringsLint::StringsLintFramework" = {
						LastSwiftMigration = 1020;
					};
					"StringsLint::StringsLintFrameworkTests" = {
						LastSwiftMigration = 1020;
					};
					"StringsLint::stringslint" = {
						LastSwiftMigration = 1020;
					};
				};
			};
			buildConfigurationList = OBJ_2 /* Build configuration list for PBXProject "StringsLint" */;
			compatibilityVersion = "Xcode 12.0";
			developmentRegion = English;
			hasScannedForEncodings = 0;
			knownRegions = (
				English,
				en,
			);
			mainGroup = OBJ_5;
			productRefGroup = OBJ_136 /* Products */;
			projectDirPath = "";
			projectRoot = "";
			targets = (
				"Yams::CYaml" /* CYaml */,
				"Commandant::Commandant" /* Commandant */,
				"Commandant::SwiftPMPackageDescription" /* CommandantPackageDescription */,
				"Result::Result" /* Result */,
				"Result::SwiftPMPackageDescription" /* ResultPackageDescription */,
				"StringsLint::StringsLintFramework" /* StringsLintFramework */,
				"StringsLint::StringsLintFrameworkTests" /* StringsLintFrameworkTests */,
				"StringsLint::SwiftPMPackageDescription" /* StringsLintPackageDescription */,
				"StringsLint::StringsLintPackageTests::ProductTarget" /* StringsLintPackageTests */,
				"Yams::Yams" /* Yams */,
				"Yams::SwiftPMPackageDescription" /* YamsPackageDescription */,
				"StringsLint::stringslint" /* stringslint */,
			);
		};
/* End PBXProject section */

/* Begin PBXSourcesBuildPhase section */
		OBJ_148 /* Sources */ = {
			isa = PBXSourcesBuildPhase;
			buildActionMask = 0;
			files = (
				OBJ_149 /* api.c in Sources */,
				OBJ_150 /* emitter.c in Sources */,
				OBJ_151 /* parser.c in Sources */,
				OBJ_152 /* reader.c in Sources */,
				OBJ_153 /* scanner.c in Sources */,
				OBJ_154 /* writer.c in Sources */,
			);
			runOnlyForDeploymentPostprocessing = 0;
		};
		OBJ_163 /* Sources */ = {
			isa = PBXSourcesBuildPhase;
			buildActionMask = 0;
			files = (
				OBJ_164 /* Argument.swift in Sources */,
				OBJ_165 /* ArgumentParser.swift in Sources */,
				OBJ_166 /* ArgumentProtocol.swift in Sources */,
				OBJ_167 /* Command.swift in Sources */,
				OBJ_168 /* Errors.swift in Sources */,
				OBJ_169 /* HelpCommand.swift in Sources */,
				OBJ_170 /* Option.swift in Sources */,
				OBJ_171 /* OrderedSet.swift in Sources */,
				OBJ_172 /* Switch.swift in Sources */,
			);
			runOnlyForDeploymentPostprocessing = 0;
		};
		OBJ_181 /* Sources */ = {
			isa = PBXSourcesBuildPhase;
			buildActionMask = 0;
			files = (
				OBJ_182 /* Package.swift in Sources */,
			);
			runOnlyForDeploymentPostprocessing = 0;
		};
		OBJ_186 /* Sources */ = {
			isa = PBXSourcesBuildPhase;
			buildActionMask = 0;
			files = (
				OBJ_187 /* AnyError.swift in Sources */,
				OBJ_188 /* NoError.swift in Sources */,
				OBJ_189 /* Result.swift in Sources */,
				OBJ_190 /* ResultProtocol.swift in Sources */,
			);
			runOnlyForDeploymentPostprocessing = 0;
		};
		OBJ_196 /* Sources */ = {
			isa = PBXSourcesBuildPhase;
			buildActionMask = 0;
			files = (
				OBJ_197 /* Package.swift in Sources */,
			);
			runOnlyForDeploymentPostprocessing = 0;
		};
		OBJ_202 /* Sources */ = {
			isa = PBXSourcesBuildPhase;
			buildActionMask = 0;
			files = (
				OBJ_203 /* Array+StringsLint.swift in Sources */,
				OBJ_204 /* Configuration+Parsing.swift in Sources */,
				OBJ_205 /* LinuxCompatibility.swift in Sources */,
				OBJ_206 /* QueuedPrint.swift in Sources */,
				OBJ_207 /* String+StringsLint.swift in Sources */,
				8ACC8C1D268B51DF00EFF85D /* MissingCommentRuleConfiguration.swift in Sources */,
				FAF383AD21E7A3C100B24265 /* MissingRuleConfiguration.swift in Sources */,
				OBJ_208 /* Glob.swift in Sources */,
				OBJ_209 /* Parsing.swift in Sources */,
				8ACC8C1F268B51F100EFF85D /* MissingCommentRule.swift in Sources */,
				OBJ_210 /* Configuration.swift in Sources */,
				OBJ_211 /* ConfigurationError.swift in Sources */,
				OBJ_212 /* File.swift in Sources */,
				FAE0FFD3251A07C400E20F84 /* String+Range.swift in Sources */,
				OBJ_213 /* Locale.swift in Sources */,
				OBJ_214 /* LocalizedString.swift in Sources */,
				OBJ_215 /* Location.swift in Sources */,
				OBJ_216 /* MasterRuleList.swift in Sources */,
				OBJ_217 /* RuleDescription.swift in Sources */,
				OBJ_218 /* RuleList.swift in Sources */,
				OBJ_219 /* Version.swift in Sources */,
				OBJ_220 /* Violation.swift in Sources */,
				OBJ_221 /* ViolationSeverity.swift in Sources */,
				OBJ_222 /* ComposedParser.swift in Sources */,
				OBJ_223 /* ObjcParserConfiguration.swift in Sources */,
				FAF383AF21E7A3DB00B24265 /* PartialRuleConfiguration.swift in Sources */,
				OBJ_224 /* SwiftParserConfiguration.swift in Sources */,
				OBJ_225 /* XibParserConfiguration.swift in Sources */,
				OBJ_226 /* LocalizableParser.swift in Sources */,
				OBJ_227 /* ObjcParser.swift in Sources */,
				OBJ_228 /* StringsParser.swift in Sources */,
				OBJ_229 /* SwiftParser.swift in Sources */,
				OBJ_230 /* XibParser.swift in Sources */,
				OBJ_231 /* YamlParser.swift in Sources */,
				FAC5F8972C9C70F40041AE49 /* RegexConfiguration.swift in Sources */,
				OBJ_232 /* Reporter.swift in Sources */,
				OBJ_233 /* XcodeReporter.swift in Sources */,
				OBJ_234 /* RuleConfiguration.swift in Sources */,
				OBJ_235 /* UnusedRuleConfiguration.swift in Sources */,
				OBJ_236 /* MissingRule.swift in Sources */,
				OBJ_237 /* PartialRule.swift in Sources */,
				FAA8243F224BDDD20091A65C /* StringsdictParser.swift in Sources */,
				OBJ_238 /* UnusedRule.swift in Sources */,
				OBJ_239 /* LintRule.swift in Sources */,
			);
			runOnlyForDeploymentPostprocessing = 0;
		};
		OBJ_250 /* Sources */ = {
			isa = PBXSourcesBuildPhase;
			buildActionMask = 0;
			files = (
				FAF383B221E7A9E700B24265 /* UnusedRuleConfigurationTests.swift in Sources */,
				FAA8243D224BDC620091A65C /* StringsdictParserTests.swift in Sources */,
				OBJ_251 /* ConfigurationTestCase.swift in Sources */,
				OBJ_252 /* ConfigurationTests.swift in Sources */,
				FA77E9EA26DE1C0600D82C5C /* MissingCommentRuleTests.swift in Sources */,
				OBJ_253 /* ObjcParserConfigurationTests.swift in Sources */,
				FAF2E3482AB486B000B60C7E /* MissingRuleTests.swift in Sources */,
				OBJ_255 /* SwiftParserConfigurationTests.swift in Sources */,
				OBJ_256 /* ObjcParserTests.swift in Sources */,
				OBJ_257 /* ParserTestCase.swift in Sources */,
				OBJ_258 /* StringsParserTests.swift in Sources */,
				OBJ_259 /* SwiftParserTests.swift in Sources */,
				FAF383B621E7AAFD00B24265 /* PartialRuleConfigurationTests.swift in Sources */,
				8ACC8C21268B522A00EFF85D /* MissingCommentRuleConfiguratonTests.swift in Sources */,
				FA77E9E826DE118900D82C5C /* XcodeReporterTests.swift in Sources */,
				OBJ_260 /* XibParserTests.swift in Sources */,
				OBJ_261 /* UnusedRuleTests.swift in Sources */,
				FAF383B421E7AAD900B24265 /* MissingRuleConfigurationTests.swift in Sources */,
			);
			runOnlyForDeploymentPostprocessing = 0;
		};
		OBJ_273 /* Sources */ = {
			isa = PBXSourcesBuildPhase;
			buildActionMask = 0;
			files = (
				OBJ_274 /* Package.swift in Sources */,
			);
			runOnlyForDeploymentPostprocessing = 0;
		};
		OBJ_283 /* Sources */ = {
			isa = PBXSourcesBuildPhase;
			buildActionMask = 0;
			files = (
				OBJ_284 /* Constructor.swift in Sources */,
				OBJ_285 /* Decoder.swift in Sources */,
				OBJ_286 /* Emitter.swift in Sources */,
				OBJ_287 /* Encoder.swift in Sources */,
				OBJ_288 /* Mark.swift in Sources */,
				OBJ_289 /* Node.Mapping.swift in Sources */,
				OBJ_290 /* Node.Scalar.swift in Sources */,
				OBJ_291 /* Node.Sequence.swift in Sources */,
				OBJ_292 /* Node.swift in Sources */,
				OBJ_293 /* Parser.swift in Sources */,
				OBJ_294 /* Representer.swift in Sources */,
				OBJ_295 /* Resolver.swift in Sources */,
				OBJ_296 /* String+Yams.swift in Sources */,
				OBJ_297 /* Tag.swift in Sources */,
				OBJ_298 /* YamlError.swift in Sources */,
				OBJ_299 /* shim.swift in Sources */,
			);
			runOnlyForDeploymentPostprocessing = 0;
		};
		OBJ_307 /* Sources */ = {
			isa = PBXSourcesBuildPhase;
			buildActionMask = 0;
			files = (
				OBJ_308 /* Package.swift in Sources */,
			);
			runOnlyForDeploymentPostprocessing = 0;
		};
		OBJ_313 /* Sources */ = {
			isa = PBXSourcesBuildPhase;
			buildActionMask = 0;
			files = (
				OBJ_314 /* LintCommand.swift in Sources */,
				OBJ_315 /* VersionCommand.swift in Sources */,
				OBJ_316 /* Configuration+CommandLine.swift in Sources */,
				OBJ_317 /* FileManager+StringsLint.swift in Sources */,
				OBJ_318 /* Reporter+CommandLine.swift in Sources */,
				OBJ_319 /* CommonOptions.swift in Sources */,
				OBJ_320 /* Linter.swift in Sources */,
				OBJ_321 /* main.swift in Sources */,
			);
			runOnlyForDeploymentPostprocessing = 0;
		};
/* End PBXSourcesBuildPhase section */

/* Begin PBXTargetDependency section */
		OBJ_175 /* PBXTargetDependency */ = {
			isa = PBXTargetDependency;
			target = "Result::Result" /* Result */;
			targetProxy = FAF383A321E7A28200B24265 /* PBXContainerItemProxy */;
		};
		OBJ_243 /* PBXTargetDependency */ = {
			isa = PBXTargetDependency;
			target = "Yams::Yams" /* Yams */;
			targetProxy = FAF3839F21E7A28200B24265 /* PBXContainerItemProxy */;
		};
		OBJ_245 /* PBXTargetDependency */ = {
			isa = PBXTargetDependency;
			target = "Yams::CYaml" /* CYaml */;
			targetProxy = FAF383A121E7A28200B24265 /* PBXContainerItemProxy */;
		};
		OBJ_266 /* PBXTargetDependency */ = {
			isa = PBXTargetDependency;
			target = "StringsLint::StringsLintFramework" /* StringsLintFramework */;
			targetProxy = FAF383A821E7A28200B24265 /* PBXContainerItemProxy */;
		};
		OBJ_267 /* PBXTargetDependency */ = {
			isa = PBXTargetDependency;
			target = "Yams::Yams" /* Yams */;
			targetProxy = FAF383A921E7A28200B24265 /* PBXContainerItemProxy */;
		};
		OBJ_268 /* PBXTargetDependency */ = {
			isa = PBXTargetDependency;
			target = "Yams::CYaml" /* CYaml */;
			targetProxy = FAF383AA21E7A28200B24265 /* PBXContainerItemProxy */;
		};
		OBJ_279 /* PBXTargetDependency */ = {
			isa = PBXTargetDependency;
			target = "StringsLint::StringsLintFrameworkTests" /* StringsLintFrameworkTests */;
			targetProxy = FAF383AB21E7A28500B24265 /* PBXContainerItemProxy */;
		};
		OBJ_302 /* PBXTargetDependency */ = {
			isa = PBXTargetDependency;
			target = "Yams::CYaml" /* CYaml */;
			targetProxy = FAF383A021E7A28200B24265 /* PBXContainerItemProxy */;
		};
		OBJ_328 /* PBXTargetDependency */ = {
			isa = PBXTargetDependency;
			target = "Commandant::Commandant" /* Commandant */;
			targetProxy = FAF383A221E7A28200B24265 /* PBXContainerItemProxy */;
		};
		OBJ_329 /* PBXTargetDependency */ = {
			isa = PBXTargetDependency;
			target = "Result::Result" /* Result */;
			targetProxy = FAF383A421E7A28200B24265 /* PBXContainerItemProxy */;
		};
		OBJ_330 /* PBXTargetDependency */ = {
			isa = PBXTargetDependency;
			target = "StringsLint::StringsLintFramework" /* StringsLintFramework */;
			targetProxy = FAF383A521E7A28200B24265 /* PBXContainerItemProxy */;
		};
		OBJ_331 /* PBXTargetDependency */ = {
			isa = PBXTargetDependency;
			target = "Yams::Yams" /* Yams */;
			targetProxy = FAF383A621E7A28200B24265 /* PBXContainerItemProxy */;
		};
		OBJ_332 /* PBXTargetDependency */ = {
			isa = PBXTargetDependency;
			target = "Yams::CYaml" /* CYaml */;
			targetProxy = FAF383A721E7A28200B24265 /* PBXContainerItemProxy */;
		};
/* End PBXTargetDependency section */

/* Begin XCBuildConfiguration section */
		OBJ_146 /* Debug */ = {
			isa = XCBuildConfiguration;
			buildSettings = {
				CLANG_ENABLE_MODULES = YES;
				DEFINES_MODULE = YES;
				ENABLE_TESTABILITY = YES;
				FRAMEWORK_SEARCH_PATHS = (
					"$(inherited)",
					"$(PLATFORM_DIR)/Developer/Library/Frameworks",
				);
				HEADER_SEARCH_PATHS = (
					"$(inherited)",
					"$(SRCROOT)/.build/checkouts/Yams.git-6968181056193183773/Sources/CYaml/include",
				);
				INFOPLIST_FILE = StringsLint.xcodeproj/CYaml_Info.plist;
				LD_RUNPATH_SEARCH_PATHS = (
					"$(inherited)",
					"$(TOOLCHAIN_DIR)/usr/lib/swift/macosx",
				);
				OTHER_CFLAGS = "$(inherited)";
				OTHER_LDFLAGS = "$(inherited)";
				OTHER_SWIFT_FLAGS = "$(inherited)";
				PRODUCT_BUNDLE_IDENTIFIER = CYaml;
				PRODUCT_MODULE_NAME = "$(TARGET_NAME:c99extidentifier)";
				PRODUCT_NAME = "$(TARGET_NAME:c99extidentifier)";
				SKIP_INSTALL = YES;
				SWIFT_ACTIVE_COMPILATION_CONDITIONS = "$(inherited)";
				TARGET_NAME = CYaml;
			};
			name = Debug;
		};
		OBJ_147 /* Release */ = {
			isa = XCBuildConfiguration;
			buildSettings = {
				CLANG_ENABLE_MODULES = YES;
				DEFINES_MODULE = YES;
				ENABLE_TESTABILITY = YES;
				FRAMEWORK_SEARCH_PATHS = (
					"$(inherited)",
					"$(PLATFORM_DIR)/Developer/Library/Frameworks",
				);
				HEADER_SEARCH_PATHS = (
					"$(inherited)",
					"$(SRCROOT)/.build/checkouts/Yams.git-6968181056193183773/Sources/CYaml/include",
				);
				INFOPLIST_FILE = StringsLint.xcodeproj/CYaml_Info.plist;
				LD_RUNPATH_SEARCH_PATHS = (
					"$(inherited)",
					"$(TOOLCHAIN_DIR)/usr/lib/swift/macosx",
				);
				OTHER_CFLAGS = "$(inherited)";
				OTHER_LDFLAGS = "$(inherited)";
				OTHER_SWIFT_FLAGS = "$(inherited)";
				PRODUCT_BUNDLE_IDENTIFIER = CYaml;
				PRODUCT_MODULE_NAME = "$(TARGET_NAME:c99extidentifier)";
				PRODUCT_NAME = "$(TARGET_NAME:c99extidentifier)";
				SKIP_INSTALL = YES;
				SWIFT_ACTIVE_COMPILATION_CONDITIONS = "$(inherited)";
				TARGET_NAME = CYaml;
			};
			name = Release;
		};
		OBJ_161 /* Debug */ = {
			isa = XCBuildConfiguration;
			buildSettings = {
				ENABLE_TESTABILITY = YES;
				FRAMEWORK_SEARCH_PATHS = (
					"$(inherited)",
					"$(PLATFORM_DIR)/Developer/Library/Frameworks",
				);
				HEADER_SEARCH_PATHS = "$(inherited)";
				INFOPLIST_FILE = StringsLint.xcodeproj/Commandant_Info.plist;
				LD_RUNPATH_SEARCH_PATHS = (
					"$(inherited)",
					"$(TOOLCHAIN_DIR)/usr/lib/swift/macosx",
				);
				OTHER_CFLAGS = "$(inherited)";
				OTHER_LDFLAGS = "$(inherited)";
				OTHER_SWIFT_FLAGS = "$(inherited)";
				PRODUCT_BUNDLE_IDENTIFIER = Commandant;
				PRODUCT_MODULE_NAME = "$(TARGET_NAME:c99extidentifier)";
				PRODUCT_NAME = "$(TARGET_NAME:c99extidentifier)";
				SKIP_INSTALL = YES;
				SWIFT_ACTIVE_COMPILATION_CONDITIONS = "$(inherited)";
				SWIFT_VERSION = 4.0;
				TARGET_NAME = Commandant;
			};
			name = Debug;
		};
		OBJ_162 /* Release */ = {
			isa = XCBuildConfiguration;
			buildSettings = {
				ENABLE_TESTABILITY = YES;
				FRAMEWORK_SEARCH_PATHS = (
					"$(inherited)",
					"$(PLATFORM_DIR)/Developer/Library/Frameworks",
				);
				HEADER_SEARCH_PATHS = "$(inherited)";
				INFOPLIST_FILE = StringsLint.xcodeproj/Commandant_Info.plist;
				LD_RUNPATH_SEARCH_PATHS = (
					"$(inherited)",
					"$(TOOLCHAIN_DIR)/usr/lib/swift/macosx",
				);
				OTHER_CFLAGS = "$(inherited)";
				OTHER_LDFLAGS = "$(inherited)";
				OTHER_SWIFT_FLAGS = "$(inherited)";
				PRODUCT_BUNDLE_IDENTIFIER = Commandant;
				PRODUCT_MODULE_NAME = "$(TARGET_NAME:c99extidentifier)";
				PRODUCT_NAME = "$(TARGET_NAME:c99extidentifier)";
				SKIP_INSTALL = YES;
				SWIFT_ACTIVE_COMPILATION_CONDITIONS = "$(inherited)";
				SWIFT_VERSION = 4.0;
				TARGET_NAME = Commandant;
			};
			name = Release;
		};
		OBJ_179 /* Debug */ = {
			isa = XCBuildConfiguration;
			buildSettings = {
				LD = /usr/bin/true;
				OTHER_SWIFT_FLAGS = "-swift-version 4 -I $(TOOLCHAIN_DIR)/usr/lib/swift/pm/4 -target x86_64-apple-macosx10.10 -sdk /Applications/Xcode.app/Contents/Developer/Platforms/MacOSX.platform/Developer/SDKs/MacOSX10.14.sdk";
				SWIFT_VERSION = 4.0;
			};
			name = Debug;
		};
		OBJ_180 /* Release */ = {
			isa = XCBuildConfiguration;
			buildSettings = {
				LD = /usr/bin/true;
				OTHER_SWIFT_FLAGS = "-swift-version 4 -I $(TOOLCHAIN_DIR)/usr/lib/swift/pm/4 -target x86_64-apple-macosx10.10 -sdk /Applications/Xcode.app/Contents/Developer/Platforms/MacOSX.platform/Developer/SDKs/MacOSX10.14.sdk";
				SWIFT_VERSION = 4.0;
			};
			name = Release;
		};
		OBJ_184 /* Debug */ = {
			isa = XCBuildConfiguration;
			buildSettings = {
				ENABLE_TESTABILITY = YES;
				FRAMEWORK_SEARCH_PATHS = (
					"$(inherited)",
					"$(PLATFORM_DIR)/Developer/Library/Frameworks",
				);
				HEADER_SEARCH_PATHS = "$(inherited)";
				INFOPLIST_FILE = StringsLint.xcodeproj/Result_Info.plist;
				LD_RUNPATH_SEARCH_PATHS = (
					"$(inherited)",
					"$(TOOLCHAIN_DIR)/usr/lib/swift/macosx",
				);
				OTHER_CFLAGS = "$(inherited)";
				OTHER_LDFLAGS = "$(inherited)";
				OTHER_SWIFT_FLAGS = "$(inherited)";
				PRODUCT_BUNDLE_IDENTIFIER = Result;
				PRODUCT_MODULE_NAME = "$(TARGET_NAME:c99extidentifier)";
				PRODUCT_NAME = "$(TARGET_NAME:c99extidentifier)";
				SKIP_INSTALL = YES;
				SWIFT_ACTIVE_COMPILATION_CONDITIONS = "$(inherited)";
				SWIFT_VERSION = 4.0;
				TARGET_NAME = Result;
			};
			name = Debug;
		};
		OBJ_185 /* Release */ = {
			isa = XCBuildConfiguration;
			buildSettings = {
				ENABLE_TESTABILITY = YES;
				FRAMEWORK_SEARCH_PATHS = (
					"$(inherited)",
					"$(PLATFORM_DIR)/Developer/Library/Frameworks",
				);
				HEADER_SEARCH_PATHS = "$(inherited)";
				INFOPLIST_FILE = StringsLint.xcodeproj/Result_Info.plist;
				LD_RUNPATH_SEARCH_PATHS = (
					"$(inherited)",
					"$(TOOLCHAIN_DIR)/usr/lib/swift/macosx",
				);
				OTHER_CFLAGS = "$(inherited)";
				OTHER_LDFLAGS = "$(inherited)";
				OTHER_SWIFT_FLAGS = "$(inherited)";
				PRODUCT_BUNDLE_IDENTIFIER = Result;
				PRODUCT_MODULE_NAME = "$(TARGET_NAME:c99extidentifier)";
				PRODUCT_NAME = "$(TARGET_NAME:c99extidentifier)";
				SKIP_INSTALL = YES;
				SWIFT_ACTIVE_COMPILATION_CONDITIONS = "$(inherited)";
				SWIFT_VERSION = 4.0;
				TARGET_NAME = Result;
			};
			name = Release;
		};
		OBJ_194 /* Debug */ = {
			isa = XCBuildConfiguration;
			buildSettings = {
				LD = /usr/bin/true;
				OTHER_SWIFT_FLAGS = "-swift-version 4 -I $(TOOLCHAIN_DIR)/usr/lib/swift/pm/4 -target x86_64-apple-macosx10.10 -sdk /Applications/Xcode.app/Contents/Developer/Platforms/MacOSX.platform/Developer/SDKs/MacOSX10.14.sdk";
				SWIFT_VERSION = 4.0;
			};
			name = Debug;
		};
		OBJ_195 /* Release */ = {
			isa = XCBuildConfiguration;
			buildSettings = {
				LD = /usr/bin/true;
				OTHER_SWIFT_FLAGS = "-swift-version 4 -I $(TOOLCHAIN_DIR)/usr/lib/swift/pm/4 -target x86_64-apple-macosx10.10 -sdk /Applications/Xcode.app/Contents/Developer/Platforms/MacOSX.platform/Developer/SDKs/MacOSX10.14.sdk";
				SWIFT_VERSION = 4.0;
			};
			name = Release;
		};
		OBJ_200 /* Debug */ = {
			isa = XCBuildConfiguration;
			buildSettings = {
				ENABLE_TESTABILITY = YES;
				FRAMEWORK_SEARCH_PATHS = (
					"$(inherited)",
					"$(PLATFORM_DIR)/Developer/Library/Frameworks",
				);
				HEADER_SEARCH_PATHS = (
					"$(inherited)",
					"$(SRCROOT)/.build/checkouts/Yams.git-6968181056193183773/Sources/CYaml/include",
				);
				INFOPLIST_FILE = StringsLint.xcodeproj/StringsLintFramework_Info.plist;
				LD_RUNPATH_SEARCH_PATHS = (
					"$(inherited)",
					"$(TOOLCHAIN_DIR)/usr/lib/swift/macosx",
				);
				OTHER_CFLAGS = "$(inherited)";
				OTHER_LDFLAGS = "$(inherited)";
				OTHER_SWIFT_FLAGS = "$(inherited)";
				PRODUCT_BUNDLE_IDENTIFIER = StringsLintFramework;
				PRODUCT_MODULE_NAME = "$(TARGET_NAME:c99extidentifier)";
				PRODUCT_NAME = "$(TARGET_NAME:c99extidentifier)";
				SKIP_INSTALL = YES;
				SWIFT_ACTIVE_COMPILATION_CONDITIONS = "$(inherited)";
				SWIFT_VERSION = 5.0;
				TARGET_NAME = StringsLintFramework;
			};
			name = Debug;
		};
		OBJ_201 /* Release */ = {
			isa = XCBuildConfiguration;
			buildSettings = {
				ENABLE_TESTABILITY = YES;
				FRAMEWORK_SEARCH_PATHS = (
					"$(inherited)",
					"$(PLATFORM_DIR)/Developer/Library/Frameworks",
				);
				HEADER_SEARCH_PATHS = (
					"$(inherited)",
					"$(SRCROOT)/.build/checkouts/Yams.git-6968181056193183773/Sources/CYaml/include",
				);
				INFOPLIST_FILE = StringsLint.xcodeproj/StringsLintFramework_Info.plist;
				LD_RUNPATH_SEARCH_PATHS = (
					"$(inherited)",
					"$(TOOLCHAIN_DIR)/usr/lib/swift/macosx",
				);
				OTHER_CFLAGS = "$(inherited)";
				OTHER_LDFLAGS = "$(inherited)";
				OTHER_SWIFT_FLAGS = "$(inherited)";
				PRODUCT_BUNDLE_IDENTIFIER = StringsLintFramework;
				PRODUCT_MODULE_NAME = "$(TARGET_NAME:c99extidentifier)";
				PRODUCT_NAME = "$(TARGET_NAME:c99extidentifier)";
				SKIP_INSTALL = YES;
				SWIFT_ACTIVE_COMPILATION_CONDITIONS = "$(inherited)";
				SWIFT_VERSION = 5.0;
				TARGET_NAME = StringsLintFramework;
			};
			name = Release;
		};
		OBJ_248 /* Debug */ = {
			isa = XCBuildConfiguration;
			buildSettings = {
				CLANG_ENABLE_MODULES = YES;
				EMBEDDED_CONTENT_CONTAINS_SWIFT = YES;
				FRAMEWORK_SEARCH_PATHS = (
					"$(inherited)",
					"$(PLATFORM_DIR)/Developer/Library/Frameworks",
				);
				HEADER_SEARCH_PATHS = (
					"$(inherited)",
					"$(SRCROOT)/.build/checkouts/Yams.git-6968181056193183773/Sources/CYaml/include",
				);
				INFOPLIST_FILE = StringsLint.xcodeproj/StringsLintFrameworkTests_Info.plist;
				LD_RUNPATH_SEARCH_PATHS = (
					"$(inherited)",
					"@loader_path/../Frameworks",
					"@loader_path/Frameworks",
				);
				OTHER_CFLAGS = "$(inherited)";
				OTHER_LDFLAGS = "$(inherited)";
				OTHER_SWIFT_FLAGS = "$(inherited)";
				SWIFT_ACTIVE_COMPILATION_CONDITIONS = "$(inherited)";
				SWIFT_VERSION = 5.0;
				TARGET_NAME = StringsLintFrameworkTests;
			};
			name = Debug;
		};
		OBJ_249 /* Release */ = {
			isa = XCBuildConfiguration;
			buildSettings = {
				CLANG_ENABLE_MODULES = YES;
				EMBEDDED_CONTENT_CONTAINS_SWIFT = YES;
				FRAMEWORK_SEARCH_PATHS = (
					"$(inherited)",
					"$(PLATFORM_DIR)/Developer/Library/Frameworks",
				);
				HEADER_SEARCH_PATHS = (
					"$(inherited)",
					"$(SRCROOT)/.build/checkouts/Yams.git-6968181056193183773/Sources/CYaml/include",
				);
				INFOPLIST_FILE = StringsLint.xcodeproj/StringsLintFrameworkTests_Info.plist;
				LD_RUNPATH_SEARCH_PATHS = (
					"$(inherited)",
					"@loader_path/../Frameworks",
					"@loader_path/Frameworks",
				);
				OTHER_CFLAGS = "$(inherited)";
				OTHER_LDFLAGS = "$(inherited)";
				OTHER_SWIFT_FLAGS = "$(inherited)";
				SWIFT_ACTIVE_COMPILATION_CONDITIONS = "$(inherited)";
				SWIFT_VERSION = 5.0;
				TARGET_NAME = StringsLintFrameworkTests;
			};
			name = Release;
		};
		OBJ_271 /* Debug */ = {
			isa = XCBuildConfiguration;
			buildSettings = {
				INFOPLIST_FILE = "$(SRCROOT)/Sources/StringsLintFramework/Supporting Files/Info.plist";
				LD = /usr/bin/true;
				OTHER_SWIFT_FLAGS = "-swift-version 4 -I $(TOOLCHAIN_DIR)/usr/lib/swift/pm/4 -target x86_64-apple-macosx10.10 -sdk /Applications/Xcode.app/Contents/Developer/Platforms/MacOSX.platform/Developer/SDKs/MacOSX10.14.sdk";
				SWIFT_VERSION = 4.0;
			};
			name = Debug;
		};
		OBJ_272 /* Release */ = {
			isa = XCBuildConfiguration;
			buildSettings = {
				INFOPLIST_FILE = "$(SRCROOT)/Sources/StringsLintFramework/Supporting Files/Info.plist";
				LD = /usr/bin/true;
				OTHER_SWIFT_FLAGS = "-swift-version 4 -I $(TOOLCHAIN_DIR)/usr/lib/swift/pm/4 -target x86_64-apple-macosx10.10 -sdk /Applications/Xcode.app/Contents/Developer/Platforms/MacOSX.platform/Developer/SDKs/MacOSX10.14.sdk";
				SWIFT_VERSION = 4.0;
			};
			name = Release;
		};
		OBJ_277 /* Debug */ = {
			isa = XCBuildConfiguration;
			buildSettings = {
			};
			name = Debug;
		};
		OBJ_278 /* Release */ = {
			isa = XCBuildConfiguration;
			buildSettings = {
			};
			name = Release;
		};
		OBJ_281 /* Debug */ = {
			isa = XCBuildConfiguration;
			buildSettings = {
				ENABLE_TESTABILITY = YES;
				FRAMEWORK_SEARCH_PATHS = (
					"$(inherited)",
					"$(PLATFORM_DIR)/Developer/Library/Frameworks",
				);
				HEADER_SEARCH_PATHS = (
					"$(inherited)",
					"$(SRCROOT)/.build/checkouts/Yams.git-6968181056193183773/Sources/CYaml/include",
				);
				INFOPLIST_FILE = StringsLint.xcodeproj/Yams_Info.plist;
				LD_RUNPATH_SEARCH_PATHS = (
					"$(inherited)",
					"$(TOOLCHAIN_DIR)/usr/lib/swift/macosx",
				);
				OTHER_CFLAGS = "$(inherited)";
				OTHER_LDFLAGS = "$(inherited)";
				OTHER_SWIFT_FLAGS = "$(inherited)";
				PRODUCT_BUNDLE_IDENTIFIER = Yams;
				PRODUCT_MODULE_NAME = "$(TARGET_NAME:c99extidentifier)";
				PRODUCT_NAME = "$(TARGET_NAME:c99extidentifier)";
				SKIP_INSTALL = YES;
				SWIFT_ACTIVE_COMPILATION_CONDITIONS = "$(inherited)";
				SWIFT_VERSION = 4.0;
				TARGET_NAME = Yams;
			};
			name = Debug;
		};
		OBJ_282 /* Release */ = {
			isa = XCBuildConfiguration;
			buildSettings = {
				ENABLE_TESTABILITY = YES;
				FRAMEWORK_SEARCH_PATHS = (
					"$(inherited)",
					"$(PLATFORM_DIR)/Developer/Library/Frameworks",
				);
				HEADER_SEARCH_PATHS = (
					"$(inherited)",
					"$(SRCROOT)/.build/checkouts/Yams.git-6968181056193183773/Sources/CYaml/include",
				);
				INFOPLIST_FILE = StringsLint.xcodeproj/Yams_Info.plist;
				LD_RUNPATH_SEARCH_PATHS = (
					"$(inherited)",
					"$(TOOLCHAIN_DIR)/usr/lib/swift/macosx",
				);
				OTHER_CFLAGS = "$(inherited)";
				OTHER_LDFLAGS = "$(inherited)";
				OTHER_SWIFT_FLAGS = "$(inherited)";
				PRODUCT_BUNDLE_IDENTIFIER = Yams;
				PRODUCT_MODULE_NAME = "$(TARGET_NAME:c99extidentifier)";
				PRODUCT_NAME = "$(TARGET_NAME:c99extidentifier)";
				SKIP_INSTALL = YES;
				SWIFT_ACTIVE_COMPILATION_CONDITIONS = "$(inherited)";
				SWIFT_VERSION = 4.0;
				TARGET_NAME = Yams;
			};
			name = Release;
		};
		OBJ_3 /* Debug */ = {
			isa = XCBuildConfiguration;
			buildSettings = {
				CLANG_ENABLE_OBJC_ARC = YES;
				COMBINE_HIDPI_IMAGES = YES;
				COPY_PHASE_STRIP = NO;
				DEBUG_INFORMATION_FORMAT = dwarf;
				DYLIB_INSTALL_NAME_BASE = "@rpath";
				ENABLE_NS_ASSERTIONS = YES;
				GCC_OPTIMIZATION_LEVEL = 0;
				GCC_PREPROCESSOR_DEFINITIONS = (
					"DEBUG=1",
					"$(inherited)",
				);
				MACOSX_DEPLOYMENT_TARGET = 10.13;
				ONLY_ACTIVE_ARCH = YES;
				OTHER_SWIFT_FLAGS = "-DXcode";
				PRODUCT_NAME = "$(TARGET_NAME)";
				SDKROOT = macosx;
				SUPPORTED_PLATFORMS = "macosx iphoneos iphonesimulator appletvos appletvsimulator watchos watchsimulator";
				SWIFT_ACTIVE_COMPILATION_CONDITIONS = "SWIFT_PACKAGE DEBUG";
				SWIFT_OPTIMIZATION_LEVEL = "-Onone";
				USE_HEADERMAP = NO;
			};
			name = Debug;
		};
		OBJ_305 /* Debug */ = {
			isa = XCBuildConfiguration;
			buildSettings = {
				LD = /usr/bin/true;
				OTHER_SWIFT_FLAGS = "-swift-version 4 -I $(TOOLCHAIN_DIR)/usr/lib/swift/pm/4 -target x86_64-apple-macosx10.10 -sdk /Applications/Xcode.app/Contents/Developer/Platforms/MacOSX.platform/Developer/SDKs/MacOSX10.14.sdk";
				SWIFT_VERSION = 4.0;
			};
			name = Debug;
		};
		OBJ_306 /* Release */ = {
			isa = XCBuildConfiguration;
			buildSettings = {
				LD = /usr/bin/true;
				OTHER_SWIFT_FLAGS = "-swift-version 4 -I $(TOOLCHAIN_DIR)/usr/lib/swift/pm/4 -target x86_64-apple-macosx10.10 -sdk /Applications/Xcode.app/Contents/Developer/Platforms/MacOSX.platform/Developer/SDKs/MacOSX10.14.sdk";
				SWIFT_VERSION = 4.0;
			};
			name = Release;
		};
		OBJ_311 /* Debug */ = {
			isa = XCBuildConfiguration;
			buildSettings = {
				FRAMEWORK_SEARCH_PATHS = (
					"$(inherited)",
					"$(PLATFORM_DIR)/Developer/Library/Frameworks",
				);
				HEADER_SEARCH_PATHS = (
					"$(inherited)",
					"$(SRCROOT)/.build/checkouts/Yams.git-6968181056193183773/Sources/CYaml/include",
				);
				INFOPLIST_FILE = "$(SRCROOT)/Sources/StringsLint/Supporting Files/Info.plist";
				LD_RUNPATH_SEARCH_PATHS = (
					"$(inherited)",
					"$(TOOLCHAIN_DIR)/usr/lib/swift/macosx",
					"@executable_path",
				);
				MARKETING_VERSION = 0.1.3;
				OTHER_CFLAGS = "$(inherited)";
				OTHER_LDFLAGS = "$(inherited)";
				OTHER_SWIFT_FLAGS = "$(inherited)";
				SWIFT_ACTIVE_COMPILATION_CONDITIONS = "$(inherited)";
				SWIFT_FORCE_DYNAMIC_LINK_STDLIB = YES;
				SWIFT_FORCE_STATIC_LINK_STDLIB = NO;
				SWIFT_VERSION = 5.0;
				TARGET_NAME = stringslint;
			};
			name = Debug;
		};
		OBJ_312 /* Release */ = {
			isa = XCBuildConfiguration;
			buildSettings = {
				FRAMEWORK_SEARCH_PATHS = (
					"$(inherited)",
					"$(PLATFORM_DIR)/Developer/Library/Frameworks",
				);
				HEADER_SEARCH_PATHS = (
					"$(inherited)",
					"$(SRCROOT)/.build/checkouts/Yams.git-6968181056193183773/Sources/CYaml/include",
				);
				INFOPLIST_FILE = "$(SRCROOT)/Sources/StringsLint/Supporting Files/Info.plist";
				LD_RUNPATH_SEARCH_PATHS = (
					"$(inherited)",
					"$(TOOLCHAIN_DIR)/usr/lib/swift/macosx",
					"@executable_path",
				);
				MARKETING_VERSION = 0.1.3;
				OTHER_CFLAGS = "$(inherited)";
				OTHER_LDFLAGS = "$(inherited)";
				OTHER_SWIFT_FLAGS = "$(inherited)";
				SWIFT_ACTIVE_COMPILATION_CONDITIONS = "$(inherited)";
				SWIFT_FORCE_DYNAMIC_LINK_STDLIB = YES;
				SWIFT_FORCE_STATIC_LINK_STDLIB = NO;
				SWIFT_VERSION = 5.0;
				TARGET_NAME = stringslint;
			};
			name = Release;
		};
		OBJ_4 /* Release */ = {
			isa = XCBuildConfiguration;
			buildSettings = {
				CLANG_ENABLE_OBJC_ARC = YES;
				COMBINE_HIDPI_IMAGES = YES;
				COPY_PHASE_STRIP = YES;
				DEBUG_INFORMATION_FORMAT = "dwarf-with-dsym";
				DYLIB_INSTALL_NAME_BASE = "@rpath";
				GCC_OPTIMIZATION_LEVEL = s;
				MACOSX_DEPLOYMENT_TARGET = 10.13;
				OTHER_SWIFT_FLAGS = "-DXcode";
				PRODUCT_NAME = "$(TARGET_NAME)";
				SDKROOT = macosx;
				SUPPORTED_PLATFORMS = "macosx iphoneos iphonesimulator appletvos appletvsimulator watchos watchsimulator";
				SWIFT_ACTIVE_COMPILATION_CONDITIONS = SWIFT_PACKAGE;
				SWIFT_COMPILATION_MODE = wholemodule;
				SWIFT_OPTIMIZATION_LEVEL = "-O";
				USE_HEADERMAP = NO;
			};
			name = Release;
		};
/* End XCBuildConfiguration section */

/* Begin XCConfigurationList section */
		OBJ_145 /* Build configuration list for PBXNativeTarget "CYaml" */ = {
			isa = XCConfigurationList;
			buildConfigurations = (
				OBJ_146 /* Debug */,
				OBJ_147 /* Release */,
			);
			defaultConfigurationIsVisible = 0;
			defaultConfigurationName = Release;
		};
		OBJ_160 /* Build configuration list for PBXNativeTarget "Commandant" */ = {
			isa = XCConfigurationList;
			buildConfigurations = (
				OBJ_161 /* Debug */,
				OBJ_162 /* Release */,
			);
			defaultConfigurationIsVisible = 0;
			defaultConfigurationName = Release;
		};
		OBJ_178 /* Build configuration list for PBXNativeTarget "CommandantPackageDescription" */ = {
			isa = XCConfigurationList;
			buildConfigurations = (
				OBJ_179 /* Debug */,
				OBJ_180 /* Release */,
			);
			defaultConfigurationIsVisible = 0;
			defaultConfigurationName = Release;
		};
		OBJ_183 /* Build configuration list for PBXNativeTarget "Result" */ = {
			isa = XCConfigurationList;
			buildConfigurations = (
				OBJ_184 /* Debug */,
				OBJ_185 /* Release */,
			);
			defaultConfigurationIsVisible = 0;
			defaultConfigurationName = Release;
		};
		OBJ_193 /* Build configuration list for PBXNativeTarget "ResultPackageDescription" */ = {
			isa = XCConfigurationList;
			buildConfigurations = (
				OBJ_194 /* Debug */,
				OBJ_195 /* Release */,
			);
			defaultConfigurationIsVisible = 0;
			defaultConfigurationName = Release;
		};
		OBJ_199 /* Build configuration list for PBXNativeTarget "StringsLintFramework" */ = {
			isa = XCConfigurationList;
			buildConfigurations = (
				OBJ_200 /* Debug */,
				OBJ_201 /* Release */,
			);
			defaultConfigurationIsVisible = 0;
			defaultConfigurationName = Release;
		};
		OBJ_2 /* Build configuration list for PBXProject "StringsLint" */ = {
			isa = XCConfigurationList;
			buildConfigurations = (
				OBJ_3 /* Debug */,
				OBJ_4 /* Release */,
			);
			defaultConfigurationIsVisible = 0;
			defaultConfigurationName = Release;
		};
		OBJ_247 /* Build configuration list for PBXNativeTarget "StringsLintFrameworkTests" */ = {
			isa = XCConfigurationList;
			buildConfigurations = (
				OBJ_248 /* Debug */,
				OBJ_249 /* Release */,
			);
			defaultConfigurationIsVisible = 0;
			defaultConfigurationName = Release;
		};
		OBJ_270 /* Build configuration list for PBXNativeTarget "StringsLintPackageDescription" */ = {
			isa = XCConfigurationList;
			buildConfigurations = (
				OBJ_271 /* Debug */,
				OBJ_272 /* Release */,
			);
			defaultConfigurationIsVisible = 0;
			defaultConfigurationName = Release;
		};
		OBJ_276 /* Build configuration list for PBXAggregateTarget "StringsLintPackageTests" */ = {
			isa = XCConfigurationList;
			buildConfigurations = (
				OBJ_277 /* Debug */,
				OBJ_278 /* Release */,
			);
			defaultConfigurationIsVisible = 0;
			defaultConfigurationName = Release;
		};
		OBJ_280 /* Build configuration list for PBXNativeTarget "Yams" */ = {
			isa = XCConfigurationList;
			buildConfigurations = (
				OBJ_281 /* Debug */,
				OBJ_282 /* Release */,
			);
			defaultConfigurationIsVisible = 0;
			defaultConfigurationName = Release;
		};
		OBJ_304 /* Build configuration list for PBXNativeTarget "YamsPackageDescription" */ = {
			isa = XCConfigurationList;
			buildConfigurations = (
				OBJ_305 /* Debug */,
				OBJ_306 /* Release */,
			);
			defaultConfigurationIsVisible = 0;
			defaultConfigurationName = Release;
		};
		OBJ_310 /* Build configuration list for PBXNativeTarget "stringslint" */ = {
			isa = XCConfigurationList;
			buildConfigurations = (
				OBJ_311 /* Debug */,
				OBJ_312 /* Release */,
			);
			defaultConfigurationIsVisible = 0;
			defaultConfigurationName = Release;
		};
/* End XCConfigurationList section */
	};
	rootObject = OBJ_1 /* Project object */;
}
